// !$*UTF8*$!
{
	archiveVersion = 1;
	classes = {
	};
	objectVersion = 56;
	objects = {

/* Begin PBXBuildFile section */
		41012C6C2AD52BCF004AF33F /* AuthView.swift in Sources */ = {isa = PBXBuildFile; fileRef = 41012C6B2AD52BCF004AF33F /* AuthView.swift */; };
		413EEAB92A2F29BB00DC9727 /* Icons.swift in Sources */ = {isa = PBXBuildFile; fileRef = 413EEAB82A2F29BB00DC9727 /* Icons.swift */; };
		413EEAC02A2F2DDC00DC9727 /* HomeService.swift in Sources */ = {isa = PBXBuildFile; fileRef = 413EEABF2A2F2DDC00DC9727 /* HomeService.swift */; };
		413EEAC22A2F2DE200DC9727 /* DiscoverService.swift in Sources */ = {isa = PBXBuildFile; fileRef = 413EEAC12A2F2DE200DC9727 /* DiscoverService.swift */; };
		413EEAC42A2F2DE900DC9727 /* SearchService.swift in Sources */ = {isa = PBXBuildFile; fileRef = 413EEAC32A2F2DE900DC9727 /* SearchService.swift */; };
		414F47FA2A9628A9009CC2D0 /* PieGraph.swift in Sources */ = {isa = PBXBuildFile; fileRef = 414F47F92A9628A9009CC2D0 /* PieGraph.swift */; };
		419142202A97ED36004F25B5 /* RecentlyPlayedResponse.swift in Sources */ = {isa = PBXBuildFile; fileRef = 4191421F2A97ED36004F25B5 /* RecentlyPlayedResponse.swift */; };
		419DD1B82A5736E6005A6708 /* NoisyAPI.framework in Frameworks */ = {isa = PBXBuildFile; fileRef = 419DD1B22A5736E6005A6708 /* NoisyAPI.framework */; };
		419DD1B92A5736E6005A6708 /* NoisyAPI.framework in Embed Frameworks */ = {isa = PBXBuildFile; fileRef = 419DD1B22A5736E6005A6708 /* NoisyAPI.framework */; settings = {ATTRIBUTES = (CodeSignOnCopy, RemoveHeadersOnCopy, ); }; };
		419DD1C72A573862005A6708 /* APIConstants.swift in Sources */ = {isa = PBXBuildFile; fileRef = 41F8F54C2A26480100F7A2B8 /* APIConstants.swift */; };
		419DD1C82A573862005A6708 /* Encodable+Extension.swift in Sources */ = {isa = PBXBuildFile; fileRef = 41F8F5412A26473300F7A2B8 /* Encodable+Extension.swift */; };
		419DD1C92A573862005A6708 /* NetworkError.swift in Sources */ = {isa = PBXBuildFile; fileRef = 41F8F54A2A2647F200F7A2B8 /* NetworkError.swift */; };
		419DD1CA2A573862005A6708 /* NoisyHTTPRouter.swift in Sources */ = {isa = PBXBuildFile; fileRef = 41F8F53F2A26472800F7A2B8 /* NoisyHTTPRouter.swift */; };
		419DD1CB2A573862005A6708 /* HTTPMethod.swift in Sources */ = {isa = PBXBuildFile; fileRef = 41F8F5482A2647E100F7A2B8 /* HTTPMethod.swift */; };
		419DD1CC2A573862005A6708 /* State.swift in Sources */ = {isa = PBXBuildFile; fileRef = 41F8F53A2A26470E00F7A2B8 /* State.swift */; };
		419DD1CD2A573862005A6708 /* NoisyService.swift in Sources */ = {isa = PBXBuildFile; fileRef = 41F8F53D2A26471D00F7A2B8 /* NoisyService.swift */; };
		419DD1CE2A573862005A6708 /* APIEndpoint.swift in Sources */ = {isa = PBXBuildFile; fileRef = 41F8F5432A26473800F7A2B8 /* APIEndpoint.swift */; };
		419DD1CF2A573862005A6708 /* NetworkingManager.swift in Sources */ = {isa = PBXBuildFile; fileRef = 41F8F5452A26473D00F7A2B8 /* NetworkingManager.swift */; };
		41B145C12A72509800FAE0C0 /* Genre.swift in Sources */ = {isa = PBXBuildFile; fileRef = 41B145C02A72509800FAE0C0 /* Genre.swift */; };
		41B145C32A76E9F600FAE0C0 /* Seed.swift in Sources */ = {isa = PBXBuildFile; fileRef = 41B145C22A76E9F600FAE0C0 /* Seed.swift */; };
		41B145C62A76EDB000FAE0C0 /* SeedsSheetView.swift in Sources */ = {isa = PBXBuildFile; fileRef = 41B145C52A76EDB000FAE0C0 /* SeedsSheetView.swift */; };
		41B145C82A76EDBF00FAE0C0 /* SeedParametersSheetView.swift in Sources */ = {isa = PBXBuildFile; fileRef = 41B145C72A76EDBF00FAE0C0 /* SeedParametersSheetView.swift */; };
		41B145CA2A76EDF200FAE0C0 /* LargeButton.swift in Sources */ = {isa = PBXBuildFile; fileRef = 41B145C92A76EDF200FAE0C0 /* LargeButton.swift */; };
		41B145CC2A76EE2D00FAE0C0 /* ThreePointSliderRow.swift in Sources */ = {isa = PBXBuildFile; fileRef = 41B145CB2A76EE2D00FAE0C0 /* ThreePointSliderRow.swift */; };
		41B145CE2A76EEA200FAE0C0 /* SeedCard.swift in Sources */ = {isa = PBXBuildFile; fileRef = 41B145CD2A76EEA200FAE0C0 /* SeedCard.swift */; };
		41B145D02A76EFA000FAE0C0 /* CurrentSeedSelectionView.swift in Sources */ = {isa = PBXBuildFile; fileRef = 41B145CF2A76EFA000FAE0C0 /* CurrentSeedSelectionView.swift */; };
		41B145D22A77A67F00FAE0C0 /* SliderView.swift in Sources */ = {isa = PBXBuildFile; fileRef = 41B145D12A77A67F00FAE0C0 /* SliderView.swift */; };
		41B647772A38419000C1485C /* AuthWebView.swift in Sources */ = {isa = PBXBuildFile; fileRef = 41B647762A38419000C1485C /* AuthWebView.swift */; };
		41B647792A38419600C1485C /* AuthViewModel.swift in Sources */ = {isa = PBXBuildFile; fileRef = 41B647782A38419600C1485C /* AuthViewModel.swift */; };
		41B6477C2A384CB400C1485C /* LoginService.swift in Sources */ = {isa = PBXBuildFile; fileRef = 41B6477B2A384CB400C1485C /* LoginService.swift */; };
		41B647802A38912200C1485C /* Token.swift in Sources */ = {isa = PBXBuildFile; fileRef = 41B6477F2A38912200C1485C /* Token.swift */; };
		41B647832A389FC300C1485C /* Profile.swift in Sources */ = {isa = PBXBuildFile; fileRef = 41B647822A389FC300C1485C /* Profile.swift */; };
		41BBFD652A8182C300F4A7D3 /* CircleOverlay.swift in Sources */ = {isa = PBXBuildFile; fileRef = 41BBFD642A8182C300F4A7D3 /* CircleOverlay.swift */; };
		41BBFD672A81918100F4A7D3 /* SpotifyErrorAlert.swift in Sources */ = {isa = PBXBuildFile; fileRef = 41BBFD662A81918100F4A7D3 /* SpotifyErrorAlert.swift */; };
		41D3A29B2A31E141000AC6FE /* DiscoverView.swift in Sources */ = {isa = PBXBuildFile; fileRef = 41D3A29A2A31E141000AC6FE /* DiscoverView.swift */; };
		41D3A29D2A31E152000AC6FE /* DiscoverViewModel.swift in Sources */ = {isa = PBXBuildFile; fileRef = 41D3A29C2A31E152000AC6FE /* DiscoverViewModel.swift */; };
		41D3A29F2A31E18A000AC6FE /* SearchView.swift in Sources */ = {isa = PBXBuildFile; fileRef = 41D3A29E2A31E18A000AC6FE /* SearchView.swift */; };
		41D3A2A12A31E193000AC6FE /* SearchViewModel.swift in Sources */ = {isa = PBXBuildFile; fileRef = 41D3A2A02A31E193000AC6FE /* SearchViewModel.swift */; };
		41D696872A850B4C0071AEB1 /* PlaybackSlider.swift in Sources */ = {isa = PBXBuildFile; fileRef = 41D696862A850B4C0071AEB1 /* PlaybackSlider.swift */; };
		41D696892A8A66200071AEB1 /* SheetCoordinatorProtocol.swift in Sources */ = {isa = PBXBuildFile; fileRef = 41D696882A8A66200071AEB1 /* SheetCoordinatorProtocol.swift */; };
		41D6968C2A8B59170071AEB1 /* VisualizeView.swift in Sources */ = {isa = PBXBuildFile; fileRef = 41D6968B2A8B59170071AEB1 /* VisualizeView.swift */; };
		41D6968E2A8B591C0071AEB1 /* VisualizeViewModel.swift in Sources */ = {isa = PBXBuildFile; fileRef = 41D6968D2A8B591C0071AEB1 /* VisualizeViewModel.swift */; };
		41D696902A8BB0B00071AEB1 /* AudioFeatures.swift in Sources */ = {isa = PBXBuildFile; fileRef = 41D6968F2A8BB0B00071AEB1 /* AudioFeatures.swift */; };
		41D696B72A8CB1960071AEB1 /* LASwift in Frameworks */ = {isa = PBXBuildFile; productRef = 41D696B62A8CB1960071AEB1 /* LASwift */; };
		41D696B92A9267660071AEB1 /* Device.swift in Sources */ = {isa = PBXBuildFile; fileRef = 41D696B82A9267660071AEB1 /* Device.swift */; };
		41D696BB2A933A510071AEB1 /* CGPoint+Extension.swift in Sources */ = {isa = PBXBuildFile; fileRef = 41D696BA2A933A510071AEB1 /* CGPoint+Extension.swift */; };
		41DE39CD2A63FCD50048CB51 /* CoordinatorProtocol.swift in Sources */ = {isa = PBXBuildFile; fileRef = 41DE39CC2A63FCD50048CB51 /* CoordinatorProtocol.swift */; };
		41DE39CF2A6431CC0048CB51 /* Image.swift in Sources */ = {isa = PBXBuildFile; fileRef = 41DE39CE2A6431CC0048CB51 /* Image.swift */; };
		41DE39D32A6436E20048CB51 /* ProfileView.swift in Sources */ = {isa = PBXBuildFile; fileRef = 41DE39D22A6436E20048CB51 /* ProfileView.swift */; };
		41DE39D52A6436E70048CB51 /* ProfileViewModel.swift in Sources */ = {isa = PBXBuildFile; fileRef = 41DE39D42A6436E70048CB51 /* ProfileViewModel.swift */; };
		41DE39D82A6438A50048CB51 /* AlertView.swift in Sources */ = {isa = PBXBuildFile; fileRef = 41DE39D72A6438A50048CB51 /* AlertView.swift */; };
		41DFEBF72A26356000CC3420 /* NoisyApp.swift in Sources */ = {isa = PBXBuildFile; fileRef = 41DFEBF62A26356000CC3420 /* NoisyApp.swift */; };
		41DFEBFB2A26356200CC3420 /* Assets.xcassets in Resources */ = {isa = PBXBuildFile; fileRef = 41DFEBFA2A26356200CC3420 /* Assets.xcassets */; };
		41E0FB1C2A6442EB00991D31 /* Scope.swift in Sources */ = {isa = PBXBuildFile; fileRef = 41E0FB1B2A6442EB00991D31 /* Scope.swift */; };
		41E0FB1E2A6452B800991D31 /* LoadingIndicator.swift in Sources */ = {isa = PBXBuildFile; fileRef = 41E0FB1D2A6452B800991D31 /* LoadingIndicator.swift */; };
		41E0FB232A656DCE00991D31 /* SearchBar.swift in Sources */ = {isa = PBXBuildFile; fileRef = 41E0FB222A656DCE00991D31 /* SearchBar.swift */; };
		41E0FB252A656DF200991D31 /* FirstResponderTextView.swift in Sources */ = {isa = PBXBuildFile; fileRef = 41E0FB242A656DF200991D31 /* FirstResponderTextView.swift */; };
		41E0FB272A65834F00991D31 /* FilterSheetView.swift in Sources */ = {isa = PBXBuildFile; fileRef = 41E0FB262A65834F00991D31 /* FilterSheetView.swift */; };
		41E0FB292A6583BC00991D31 /* MultipleSelectionRow.swift in Sources */ = {isa = PBXBuildFile; fileRef = 41E0FB282A6583BC00991D31 /* MultipleSelectionRow.swift */; };
		41E0FB2B2A65843A00991D31 /* SingleSelectionRow.swift in Sources */ = {isa = PBXBuildFile; fileRef = 41E0FB2A2A65843A00991D31 /* SingleSelectionRow.swift */; };
		41E0FB2D2A65A1E800991D31 /* SearchCoordinator.swift in Sources */ = {isa = PBXBuildFile; fileRef = 41E0FB2C2A65A1E800991D31 /* SearchCoordinator.swift */; };
		41E0FB2F2A65B35D00991D31 /* DiscoverCoordinator.swift in Sources */ = {isa = PBXBuildFile; fileRef = 41E0FB2E2A65B35D00991D31 /* DiscoverCoordinator.swift */; };
		41E0FB312A66509700991D31 /* PlayerService.swift in Sources */ = {isa = PBXBuildFile; fileRef = 41E0FB302A66509700991D31 /* PlayerService.swift */; };
		41E0FB342A6650BE00991D31 /* PlayerView.swift in Sources */ = {isa = PBXBuildFile; fileRef = 41E0FB332A6650BE00991D31 /* PlayerView.swift */; };
		41E0FB362A6650C200991D31 /* PlayerViewModel.swift in Sources */ = {isa = PBXBuildFile; fileRef = 41E0FB352A6650C200991D31 /* PlayerViewModel.swift */; };
		41E0FB392A6652C200991D31 /* PlayerCoordinator.swift in Sources */ = {isa = PBXBuildFile; fileRef = 41E0FB382A6652C200991D31 /* PlayerCoordinator.swift */; };
		41E0FB3E2A66560A00991D31 /* QueueView.swift in Sources */ = {isa = PBXBuildFile; fileRef = 41E0FB3D2A66560A00991D31 /* QueueView.swift */; };
		41E0FB402A66563300991D31 /* QueueViewModel.swift in Sources */ = {isa = PBXBuildFile; fileRef = 41E0FB3F2A66563300991D31 /* QueueViewModel.swift */; };
		41E0FB422A6656D700991D31 /* PlaylistsViewModel.swift in Sources */ = {isa = PBXBuildFile; fileRef = 41E0FB412A6656D700991D31 /* PlaylistsViewModel.swift */; };
		41E0FB442A6656FD00991D31 /* PlaylistsView.swift in Sources */ = {isa = PBXBuildFile; fileRef = 41E0FB432A6656FD00991D31 /* PlaylistsView.swift */; };
		41E0FB462A66577B00991D31 /* OptionsView.swift in Sources */ = {isa = PBXBuildFile; fileRef = 41E0FB452A66577B00991D31 /* OptionsView.swift */; };
		41E0FB482A6657B700991D31 /* OptionsViewModel.swift in Sources */ = {isa = PBXBuildFile; fileRef = 41E0FB472A6657B700991D31 /* OptionsViewModel.swift */; };
		41E0FB4A2A66A39400991D31 /* MusicDetailsCoordinatorProtocol.swift in Sources */ = {isa = PBXBuildFile; fileRef = 41E0FB492A66A39400991D31 /* MusicDetailsCoordinatorProtocol.swift */; };
		41E0FB512A66A6E200991D31 /* PlaylistViewModel.swift in Sources */ = {isa = PBXBuildFile; fileRef = 41E0FB502A66A6E200991D31 /* PlaylistViewModel.swift */; };
		41E0FB532A66A70600991D31 /* ArtistViewModel.swift in Sources */ = {isa = PBXBuildFile; fileRef = 41E0FB522A66A70600991D31 /* ArtistViewModel.swift */; };
		41E0FB552A66A71600991D31 /* PlaylistView.swift in Sources */ = {isa = PBXBuildFile; fileRef = 41E0FB542A66A71600991D31 /* PlaylistView.swift */; };
		41E0FB572A66A73500991D31 /* ArtistView.swift in Sources */ = {isa = PBXBuildFile; fileRef = 41E0FB562A66A73500991D31 /* ArtistView.swift */; };
		41E0FB592A66FB6000991D31 /* AccordionView.swift in Sources */ = {isa = PBXBuildFile; fileRef = 41E0FB582A66FB6000991D31 /* AccordionView.swift */; };
		41E0FB5B2A67229100991D31 /* UINavigationController+Extension.swift in Sources */ = {isa = PBXBuildFile; fileRef = 41E0FB5A2A67229100991D31 /* UINavigationController+Extension.swift */; };
		41E0FB5E2A679A1500991D31 /* MusicDetailsService.swift in Sources */ = {isa = PBXBuildFile; fileRef = 41E0FB5D2A679A1500991D31 /* MusicDetailsService.swift */; };
		41E0FB622A679A6D00991D31 /* Album.swift in Sources */ = {isa = PBXBuildFile; fileRef = 41E0FB612A679A6D00991D31 /* Album.swift */; };
		41E0FB642A679A7000991D31 /* Artist.swift in Sources */ = {isa = PBXBuildFile; fileRef = 41E0FB632A679A7000991D31 /* Artist.swift */; };
		41E0FB662A679A7300991D31 /* Track.swift in Sources */ = {isa = PBXBuildFile; fileRef = 41E0FB652A679A7300991D31 /* Track.swift */; };
		41E0FB682A679A7800991D31 /* Playlists.swift in Sources */ = {isa = PBXBuildFile; fileRef = 41E0FB672A679A7800991D31 /* Playlists.swift */; };
		41E0FB6A2A679C6500991D31 /* Playlist.swift in Sources */ = {isa = PBXBuildFile; fileRef = 41E0FB692A679C6500991D31 /* Playlist.swift */; };
		41E0FB6C2A67A94700991D31 /* NoisyCrypto.swift in Sources */ = {isa = PBXBuildFile; fileRef = 41E0FB6B2A67A94700991D31 /* NoisyCrypto.swift */; };
		41E0FB6F2A67AB3D00991D31 /* AlbumView.swift in Sources */ = {isa = PBXBuildFile; fileRef = 41E0FB6E2A67AB3D00991D31 /* AlbumView.swift */; };
		41E0FB712A67AB4100991D31 /* AlbumViewModel.swift in Sources */ = {isa = PBXBuildFile; fileRef = 41E0FB702A67AB4100991D31 /* AlbumViewModel.swift */; };
		41E0FB742A67B3E300991D31 /* TrackRow.swift in Sources */ = {isa = PBXBuildFile; fileRef = 41E0FB732A67B3E300991D31 /* TrackRow.swift */; };
		41E0FB762A67B5EA00991D31 /* ArtistRow.swift in Sources */ = {isa = PBXBuildFile; fileRef = 41E0FB752A67B5EA00991D31 /* ArtistRow.swift */; };
		41E0FB782A67B76E00991D31 /* PlaylistRow.swift in Sources */ = {isa = PBXBuildFile; fileRef = 41E0FB772A67B76E00991D31 /* PlaylistRow.swift */; };
		41E0FB7C2A67D0A300991D31 /* AlbumRow.swift in Sources */ = {isa = PBXBuildFile; fileRef = 41E0FB7B2A67D0A300991D31 /* AlbumRow.swift */; };
		41E0FB7E2A67DD6000991D31 /* Theme.swift in Sources */ = {isa = PBXBuildFile; fileRef = 41E0FB7D2A67DD6000991D31 /* Theme.swift */; };
		41E0FB802A67E09E00991D31 /* Stack.swift in Sources */ = {isa = PBXBuildFile; fileRef = 41E0FB7F2A67E09E00991D31 /* Stack.swift */; };
		41E0FB832A67ED2500991D31 /* VerticalCoordinatorProtocol.swift in Sources */ = {isa = PBXBuildFile; fileRef = 41E0FB822A67ED2500991D31 /* VerticalCoordinatorProtocol.swift */; };
		41E0FB862A68159D00991D31 /* SearchResult.swift in Sources */ = {isa = PBXBuildFile; fileRef = 41E0FB852A68159D00991D31 /* SearchResult.swift */; };
		41E0FB882A6926C900991D31 /* MiniPlayerView.swift in Sources */ = {isa = PBXBuildFile; fileRef = 41E0FB872A6926C900991D31 /* MiniPlayerView.swift */; };
		41E0FB8B2A69684700991D31 /* QueueManager.swift in Sources */ = {isa = PBXBuildFile; fileRef = 41E0FB8A2A69684700991D31 /* QueueManager.swift */; };
		41E0FB8E2A69688C00991D31 /* QueueState.swift in Sources */ = {isa = PBXBuildFile; fileRef = 41E0FB8D2A69688C00991D31 /* QueueState.swift */; };
		41E0FB902A69689B00991D31 /* Extensions.swift in Sources */ = {isa = PBXBuildFile; fileRef = 41E0FB8F2A69689B00991D31 /* Extensions.swift */; };
		41E0FB932A69B40400991D31 /* Recommendation.swift in Sources */ = {isa = PBXBuildFile; fileRef = 41E0FB922A69B40400991D31 /* Recommendation.swift */; };
		41EA877F2A604353005DD0C2 /* Examples.swift in Sources */ = {isa = PBXBuildFile; fileRef = 41EA877E2A604353005DD0C2 /* Examples.swift */; };
		41EA87812A61CC61005DD0C2 /* Examples2.swift in Sources */ = {isa = PBXBuildFile; fileRef = 41EA87802A61CC60005DD0C2 /* Examples2.swift */; };
		41F8F5272A26436300F7A2B8 /* MainCoordinator.swift in Sources */ = {isa = PBXBuildFile; fileRef = 41F8F5262A26436300F7A2B8 /* MainCoordinator.swift */; };
		41F8F5292A26437800F7A2B8 /* RootCoordinator.swift in Sources */ = {isa = PBXBuildFile; fileRef = 41F8F5282A26437800F7A2B8 /* RootCoordinator.swift */; };
		41F8F52B2A26438000F7A2B8 /* LoginCoordinator.swift in Sources */ = {isa = PBXBuildFile; fileRef = 41F8F52A2A26438000F7A2B8 /* LoginCoordinator.swift */; };
		41F8F52D2A26438600F7A2B8 /* HomeCoordinator.swift in Sources */ = {isa = PBXBuildFile; fileRef = 41F8F52C2A26438600F7A2B8 /* HomeCoordinator.swift */; };
		41F8F5302A2643AE00F7A2B8 /* MainCoordinatorView.swift in Sources */ = {isa = PBXBuildFile; fileRef = 41F8F52F2A2643AE00F7A2B8 /* MainCoordinatorView.swift */; };
		41F8F5322A2643B500F7A2B8 /* LoginCoordinatorView.swift in Sources */ = {isa = PBXBuildFile; fileRef = 41F8F5312A2643B500F7A2B8 /* LoginCoordinatorView.swift */; };
		41F8F5342A2643BB00F7A2B8 /* RootCoordinatorView.swift in Sources */ = {isa = PBXBuildFile; fileRef = 41F8F5332A2643BB00F7A2B8 /* RootCoordinatorView.swift */; };
		41F8F54F2A2649AC00F7A2B8 /* String+Localization.swift in Sources */ = {isa = PBXBuildFile; fileRef = 41F8F54E2A2649AC00F7A2B8 /* String+Localization.swift */; };
		41F8F5512A2649B000F7A2B8 /* Constants.swift in Sources */ = {isa = PBXBuildFile; fileRef = 41F8F5502A2649B000F7A2B8 /* Constants.swift */; };
		41F8F5532A2649B800F7A2B8 /* Data+Extension.swift in Sources */ = {isa = PBXBuildFile; fileRef = 41F8F5522A2649B800F7A2B8 /* Data+Extension.swift */; };
		41F8F5552A2649C000F7A2B8 /* AnyPublisher+Extension.swift in Sources */ = {isa = PBXBuildFile; fileRef = 41F8F5542A2649C000F7A2B8 /* AnyPublisher+Extension.swift */; };
		41F8F5572A2649CB00F7A2B8 /* NoisyDateFormatter.swift in Sources */ = {isa = PBXBuildFile; fileRef = 41F8F5562A2649CB00F7A2B8 /* NoisyDateFormatter.swift */; };
		41F8F5592A2649D600F7A2B8 /* String+Extension.swift in Sources */ = {isa = PBXBuildFile; fileRef = 41F8F5582A2649D600F7A2B8 /* String+Extension.swift */; };
		41F8F55B2A2649DE00F7A2B8 /* Appearance.swift in Sources */ = {isa = PBXBuildFile; fileRef = 41F8F55A2A2649DE00F7A2B8 /* Appearance.swift */; };
		41F8F55D2A2649E300F7A2B8 /* ViewModifiers.swift in Sources */ = {isa = PBXBuildFile; fileRef = 41F8F55C2A2649E300F7A2B8 /* ViewModifiers.swift */; };
		41F8F55F2A2649E700F7A2B8 /* Preferences.swift in Sources */ = {isa = PBXBuildFile; fileRef = 41F8F55E2A2649E700F7A2B8 /* Preferences.swift */; };
		41F8F5612A2649EC00F7A2B8 /* ToolbarBuilder.swift in Sources */ = {isa = PBXBuildFile; fileRef = 41F8F5602A2649EC00F7A2B8 /* ToolbarBuilder.swift */; };
		41F8F5632A2649F400F7A2B8 /* Array+Extension.swift in Sources */ = {isa = PBXBuildFile; fileRef = 41F8F5622A2649F400F7A2B8 /* Array+Extension.swift */; };
		41F8F5662A26501300F7A2B8 /* LoginView.swift in Sources */ = {isa = PBXBuildFile; fileRef = 41F8F5652A26501300F7A2B8 /* LoginView.swift */; };
		41F8F5682A26501800F7A2B8 /* LoginViewModel.swift in Sources */ = {isa = PBXBuildFile; fileRef = 41F8F5672A26501800F7A2B8 /* LoginViewModel.swift */; };
		41F8F56E2A26507D00F7A2B8 /* HomeView.swift in Sources */ = {isa = PBXBuildFile; fileRef = 41F8F56D2A26507D00F7A2B8 /* HomeView.swift */; };
		41F8F5702A26508500F7A2B8 /* HomeViewModel.swift in Sources */ = {isa = PBXBuildFile; fileRef = 41F8F56F2A26508500F7A2B8 /* HomeViewModel.swift */; };
		41F8F5822A26535C00F7A2B8 /* Nunito-ExtraBoldItalic.ttf in Resources */ = {isa = PBXBuildFile; fileRef = 41F8F5722A26535C00F7A2B8 /* Nunito-ExtraBoldItalic.ttf */; };
		41F8F5832A26535C00F7A2B8 /* Nunito-Italic.ttf in Resources */ = {isa = PBXBuildFile; fileRef = 41F8F5732A26535C00F7A2B8 /* Nunito-Italic.ttf */; };
		41F8F5842A26535C00F7A2B8 /* Nunito-Light.ttf in Resources */ = {isa = PBXBuildFile; fileRef = 41F8F5742A26535C00F7A2B8 /* Nunito-Light.ttf */; };
		41F8F5852A26535C00F7A2B8 /* Nunito-ExtraBold.ttf in Resources */ = {isa = PBXBuildFile; fileRef = 41F8F5752A26535C00F7A2B8 /* Nunito-ExtraBold.ttf */; };
		41F8F5862A26535C00F7A2B8 /* Nunito-ExtraLight.ttf in Resources */ = {isa = PBXBuildFile; fileRef = 41F8F5762A26535C00F7A2B8 /* Nunito-ExtraLight.ttf */; };
		41F8F5872A26535C00F7A2B8 /* Nunito-MediumItalic.ttf in Resources */ = {isa = PBXBuildFile; fileRef = 41F8F5772A26535C00F7A2B8 /* Nunito-MediumItalic.ttf */; };
		41F8F5882A26535C00F7A2B8 /* Nunito-LightItalic.ttf in Resources */ = {isa = PBXBuildFile; fileRef = 41F8F5782A26535C00F7A2B8 /* Nunito-LightItalic.ttf */; };
		41F8F5892A26535C00F7A2B8 /* Nunito-SemiBold.ttf in Resources */ = {isa = PBXBuildFile; fileRef = 41F8F5792A26535C00F7A2B8 /* Nunito-SemiBold.ttf */; };
		41F8F58A2A26535C00F7A2B8 /* Nunito-BlackItalic.ttf in Resources */ = {isa = PBXBuildFile; fileRef = 41F8F57A2A26535C00F7A2B8 /* Nunito-BlackItalic.ttf */; };
		41F8F58B2A26535C00F7A2B8 /* Nunito-Regular.ttf in Resources */ = {isa = PBXBuildFile; fileRef = 41F8F57B2A26535C00F7A2B8 /* Nunito-Regular.ttf */; };
		41F8F58C2A26535C00F7A2B8 /* Nunito-Medium.ttf in Resources */ = {isa = PBXBuildFile; fileRef = 41F8F57C2A26535C00F7A2B8 /* Nunito-Medium.ttf */; };
		41F8F58D2A26535C00F7A2B8 /* Nunito-Black.ttf in Resources */ = {isa = PBXBuildFile; fileRef = 41F8F57D2A26535C00F7A2B8 /* Nunito-Black.ttf */; };
		41F8F58E2A26535D00F7A2B8 /* Nunito-SemiBoldItalic.ttf in Resources */ = {isa = PBXBuildFile; fileRef = 41F8F57E2A26535C00F7A2B8 /* Nunito-SemiBoldItalic.ttf */; };
		41F8F58F2A26535D00F7A2B8 /* Nunito-BoldItalic.ttf in Resources */ = {isa = PBXBuildFile; fileRef = 41F8F57F2A26535C00F7A2B8 /* Nunito-BoldItalic.ttf */; };
		41F8F5902A26535D00F7A2B8 /* Nunito-Bold.ttf in Resources */ = {isa = PBXBuildFile; fileRef = 41F8F5802A26535C00F7A2B8 /* Nunito-Bold.ttf */; };
		41F8F5912A26535D00F7A2B8 /* Nunito-ExtraLightItalic.ttf in Resources */ = {isa = PBXBuildFile; fileRef = 41F8F5812A26535C00F7A2B8 /* Nunito-ExtraLightItalic.ttf */; };
		41F8F5942A2678F700F7A2B8 /* Fonts.swift in Sources */ = {isa = PBXBuildFile; fileRef = 41F8F5932A2678F700F7A2B8 /* Fonts.swift */; };
		41F8F5962A273E8800F7A2B8 /* Colors.xcassets in Resources */ = {isa = PBXBuildFile; fileRef = 41F8F5952A273E8800F7A2B8 /* Colors.xcassets */; };
		41F8F5982A27434E00F7A2B8 /* Colors.swift in Sources */ = {isa = PBXBuildFile; fileRef = 41F8F5972A27434E00F7A2B8 /* Colors.swift */; };
		41F8F59A2A27534500F7A2B8 /* View+Extension.swift in Sources */ = {isa = PBXBuildFile; fileRef = 41F8F5992A27534500F7A2B8 /* View+Extension.swift */; };
		41F8F59D2A29D2B600F7A2B8 /* SplashView.swift in Sources */ = {isa = PBXBuildFile; fileRef = 41F8F59C2A29D2B600F7A2B8 /* SplashView.swift */; };
		41F8F59F2A29D2C200F7A2B8 /* SplashViewModel.swift in Sources */ = {isa = PBXBuildFile; fileRef = 41F8F59E2A29D2C200F7A2B8 /* SplashViewModel.swift */; };
/* End PBXBuildFile section */

/* Begin PBXContainerItemProxy section */
		419DD1B62A5736E6005A6708 /* PBXContainerItemProxy */ = {
			isa = PBXContainerItemProxy;
			containerPortal = 41DFEBEB2A26356000CC3420 /* Project object */;
			proxyType = 1;
			remoteGlobalIDString = 419DD1B12A5736E6005A6708;
			remoteInfo = NoisyAPI;
		};
/* End PBXContainerItemProxy section */

/* Begin PBXCopyFilesBuildPhase section */
		419DD1BD2A5736E6005A6708 /* Embed Frameworks */ = {
			isa = PBXCopyFilesBuildPhase;
			buildActionMask = 2147483647;
			dstPath = "";
			dstSubfolderSpec = 10;
			files = (
				419DD1B92A5736E6005A6708 /* NoisyAPI.framework in Embed Frameworks */,
			);
			name = "Embed Frameworks";
			runOnlyForDeploymentPostprocessing = 0;
		};
/* End PBXCopyFilesBuildPhase section */

/* Begin PBXFileReference section */
		41012C6B2AD52BCF004AF33F /* AuthView.swift */ = {isa = PBXFileReference; lastKnownFileType = sourcecode.swift; path = AuthView.swift; sourceTree = "<group>"; };
		413EEAB82A2F29BB00DC9727 /* Icons.swift */ = {isa = PBXFileReference; lastKnownFileType = sourcecode.swift; path = Icons.swift; sourceTree = "<group>"; };
		413EEABF2A2F2DDC00DC9727 /* HomeService.swift */ = {isa = PBXFileReference; lastKnownFileType = sourcecode.swift; path = HomeService.swift; sourceTree = "<group>"; };
		413EEAC12A2F2DE200DC9727 /* DiscoverService.swift */ = {isa = PBXFileReference; lastKnownFileType = sourcecode.swift; path = DiscoverService.swift; sourceTree = "<group>"; };
		413EEAC32A2F2DE900DC9727 /* SearchService.swift */ = {isa = PBXFileReference; lastKnownFileType = sourcecode.swift; path = SearchService.swift; sourceTree = "<group>"; };
		414F47F92A9628A9009CC2D0 /* PieGraph.swift */ = {isa = PBXFileReference; lastKnownFileType = sourcecode.swift; path = PieGraph.swift; sourceTree = "<group>"; };
		4191421F2A97ED36004F25B5 /* RecentlyPlayedResponse.swift */ = {isa = PBXFileReference; lastKnownFileType = sourcecode.swift; path = RecentlyPlayedResponse.swift; sourceTree = "<group>"; };
		419DD1B22A5736E6005A6708 /* NoisyAPI.framework */ = {isa = PBXFileReference; explicitFileType = wrapper.framework; includeInIndex = 0; path = NoisyAPI.framework; sourceTree = BUILT_PRODUCTS_DIR; };
		41B145C02A72509800FAE0C0 /* Genre.swift */ = {isa = PBXFileReference; lastKnownFileType = sourcecode.swift; path = Genre.swift; sourceTree = "<group>"; };
		41B145C22A76E9F600FAE0C0 /* Seed.swift */ = {isa = PBXFileReference; lastKnownFileType = sourcecode.swift; path = Seed.swift; sourceTree = "<group>"; };
		41B145C52A76EDB000FAE0C0 /* SeedsSheetView.swift */ = {isa = PBXFileReference; lastKnownFileType = sourcecode.swift; path = SeedsSheetView.swift; sourceTree = "<group>"; };
		41B145C72A76EDBF00FAE0C0 /* SeedParametersSheetView.swift */ = {isa = PBXFileReference; lastKnownFileType = sourcecode.swift; path = SeedParametersSheetView.swift; sourceTree = "<group>"; };
		41B145C92A76EDF200FAE0C0 /* LargeButton.swift */ = {isa = PBXFileReference; lastKnownFileType = sourcecode.swift; path = LargeButton.swift; sourceTree = "<group>"; };
		41B145CB2A76EE2D00FAE0C0 /* ThreePointSliderRow.swift */ = {isa = PBXFileReference; lastKnownFileType = sourcecode.swift; path = ThreePointSliderRow.swift; sourceTree = "<group>"; };
		41B145CD2A76EEA200FAE0C0 /* SeedCard.swift */ = {isa = PBXFileReference; lastKnownFileType = sourcecode.swift; path = SeedCard.swift; sourceTree = "<group>"; };
		41B145CF2A76EFA000FAE0C0 /* CurrentSeedSelectionView.swift */ = {isa = PBXFileReference; lastKnownFileType = sourcecode.swift; path = CurrentSeedSelectionView.swift; sourceTree = "<group>"; };
		41B145D12A77A67F00FAE0C0 /* SliderView.swift */ = {isa = PBXFileReference; lastKnownFileType = sourcecode.swift; path = SliderView.swift; sourceTree = "<group>"; };
		41B647762A38419000C1485C /* AuthWebView.swift */ = {isa = PBXFileReference; lastKnownFileType = sourcecode.swift; path = AuthWebView.swift; sourceTree = "<group>"; };
		41B647782A38419600C1485C /* AuthViewModel.swift */ = {isa = PBXFileReference; lastKnownFileType = sourcecode.swift; path = AuthViewModel.swift; sourceTree = "<group>"; };
		41B6477B2A384CB400C1485C /* LoginService.swift */ = {isa = PBXFileReference; lastKnownFileType = sourcecode.swift; path = LoginService.swift; sourceTree = "<group>"; };
		41B6477F2A38912200C1485C /* Token.swift */ = {isa = PBXFileReference; lastKnownFileType = sourcecode.swift; path = Token.swift; sourceTree = "<group>"; };
		41B647822A389FC300C1485C /* Profile.swift */ = {isa = PBXFileReference; lastKnownFileType = sourcecode.swift; path = Profile.swift; sourceTree = "<group>"; };
		41BBFD642A8182C300F4A7D3 /* CircleOverlay.swift */ = {isa = PBXFileReference; lastKnownFileType = sourcecode.swift; path = CircleOverlay.swift; sourceTree = "<group>"; };
		41BBFD662A81918100F4A7D3 /* SpotifyErrorAlert.swift */ = {isa = PBXFileReference; lastKnownFileType = sourcecode.swift; path = SpotifyErrorAlert.swift; sourceTree = "<group>"; };
		41D3A29A2A31E141000AC6FE /* DiscoverView.swift */ = {isa = PBXFileReference; lastKnownFileType = sourcecode.swift; path = DiscoverView.swift; sourceTree = "<group>"; };
		41D3A29C2A31E152000AC6FE /* DiscoverViewModel.swift */ = {isa = PBXFileReference; lastKnownFileType = sourcecode.swift; path = DiscoverViewModel.swift; sourceTree = "<group>"; };
		41D3A29E2A31E18A000AC6FE /* SearchView.swift */ = {isa = PBXFileReference; lastKnownFileType = sourcecode.swift; path = SearchView.swift; sourceTree = "<group>"; };
		41D3A2A02A31E193000AC6FE /* SearchViewModel.swift */ = {isa = PBXFileReference; lastKnownFileType = sourcecode.swift; path = SearchViewModel.swift; sourceTree = "<group>"; };
		41D696862A850B4C0071AEB1 /* PlaybackSlider.swift */ = {isa = PBXFileReference; lastKnownFileType = sourcecode.swift; path = PlaybackSlider.swift; sourceTree = "<group>"; };
		41D696882A8A66200071AEB1 /* SheetCoordinatorProtocol.swift */ = {isa = PBXFileReference; lastKnownFileType = sourcecode.swift; path = SheetCoordinatorProtocol.swift; sourceTree = "<group>"; };
		41D6968B2A8B59170071AEB1 /* VisualizeView.swift */ = {isa = PBXFileReference; lastKnownFileType = sourcecode.swift; path = VisualizeView.swift; sourceTree = "<group>"; };
		41D6968D2A8B591C0071AEB1 /* VisualizeViewModel.swift */ = {isa = PBXFileReference; lastKnownFileType = sourcecode.swift; path = VisualizeViewModel.swift; sourceTree = "<group>"; };
		41D6968F2A8BB0B00071AEB1 /* AudioFeatures.swift */ = {isa = PBXFileReference; lastKnownFileType = sourcecode.swift; path = AudioFeatures.swift; sourceTree = "<group>"; };
		41D696B82A9267660071AEB1 /* Device.swift */ = {isa = PBXFileReference; lastKnownFileType = sourcecode.swift; path = Device.swift; sourceTree = "<group>"; };
		41D696BA2A933A510071AEB1 /* CGPoint+Extension.swift */ = {isa = PBXFileReference; lastKnownFileType = sourcecode.swift; path = "CGPoint+Extension.swift"; sourceTree = "<group>"; };
		41DE39CC2A63FCD50048CB51 /* CoordinatorProtocol.swift */ = {isa = PBXFileReference; lastKnownFileType = sourcecode.swift; path = CoordinatorProtocol.swift; sourceTree = "<group>"; };
		41DE39CE2A6431CC0048CB51 /* Image.swift */ = {isa = PBXFileReference; lastKnownFileType = sourcecode.swift; path = Image.swift; sourceTree = "<group>"; };
		41DE39D22A6436E20048CB51 /* ProfileView.swift */ = {isa = PBXFileReference; lastKnownFileType = sourcecode.swift; path = ProfileView.swift; sourceTree = "<group>"; };
		41DE39D42A6436E70048CB51 /* ProfileViewModel.swift */ = {isa = PBXFileReference; lastKnownFileType = sourcecode.swift; path = ProfileViewModel.swift; sourceTree = "<group>"; };
		41DE39D72A6438A50048CB51 /* AlertView.swift */ = {isa = PBXFileReference; lastKnownFileType = sourcecode.swift; path = AlertView.swift; sourceTree = "<group>"; };
		41DFEBF32A26356000CC3420 /* Noisy.app */ = {isa = PBXFileReference; explicitFileType = wrapper.application; includeInIndex = 0; path = Noisy.app; sourceTree = BUILT_PRODUCTS_DIR; };
		41DFEBF62A26356000CC3420 /* NoisyApp.swift */ = {isa = PBXFileReference; lastKnownFileType = sourcecode.swift; path = NoisyApp.swift; sourceTree = "<group>"; };
		41DFEBFA2A26356200CC3420 /* Assets.xcassets */ = {isa = PBXFileReference; lastKnownFileType = folder.assetcatalog; path = Assets.xcassets; sourceTree = "<group>"; };
		41E0FB1B2A6442EB00991D31 /* Scope.swift */ = {isa = PBXFileReference; lastKnownFileType = sourcecode.swift; path = Scope.swift; sourceTree = "<group>"; };
		41E0FB1D2A6452B800991D31 /* LoadingIndicator.swift */ = {isa = PBXFileReference; lastKnownFileType = sourcecode.swift; path = LoadingIndicator.swift; sourceTree = "<group>"; };
		41E0FB222A656DCE00991D31 /* SearchBar.swift */ = {isa = PBXFileReference; lastKnownFileType = sourcecode.swift; path = SearchBar.swift; sourceTree = "<group>"; };
		41E0FB242A656DF200991D31 /* FirstResponderTextView.swift */ = {isa = PBXFileReference; lastKnownFileType = sourcecode.swift; path = FirstResponderTextView.swift; sourceTree = "<group>"; };
		41E0FB262A65834F00991D31 /* FilterSheetView.swift */ = {isa = PBXFileReference; lastKnownFileType = sourcecode.swift; path = FilterSheetView.swift; sourceTree = "<group>"; };
		41E0FB282A6583BC00991D31 /* MultipleSelectionRow.swift */ = {isa = PBXFileReference; lastKnownFileType = sourcecode.swift; path = MultipleSelectionRow.swift; sourceTree = "<group>"; };
		41E0FB2A2A65843A00991D31 /* SingleSelectionRow.swift */ = {isa = PBXFileReference; lastKnownFileType = sourcecode.swift; path = SingleSelectionRow.swift; sourceTree = "<group>"; };
		41E0FB2C2A65A1E800991D31 /* SearchCoordinator.swift */ = {isa = PBXFileReference; lastKnownFileType = sourcecode.swift; path = SearchCoordinator.swift; sourceTree = "<group>"; };
		41E0FB2E2A65B35D00991D31 /* DiscoverCoordinator.swift */ = {isa = PBXFileReference; lastKnownFileType = sourcecode.swift; path = DiscoverCoordinator.swift; sourceTree = "<group>"; };
		41E0FB302A66509700991D31 /* PlayerService.swift */ = {isa = PBXFileReference; lastKnownFileType = sourcecode.swift; path = PlayerService.swift; sourceTree = "<group>"; };
		41E0FB332A6650BE00991D31 /* PlayerView.swift */ = {isa = PBXFileReference; lastKnownFileType = sourcecode.swift; path = PlayerView.swift; sourceTree = "<group>"; };
		41E0FB352A6650C200991D31 /* PlayerViewModel.swift */ = {isa = PBXFileReference; lastKnownFileType = sourcecode.swift; path = PlayerViewModel.swift; sourceTree = "<group>"; };
		41E0FB382A6652C200991D31 /* PlayerCoordinator.swift */ = {isa = PBXFileReference; lastKnownFileType = sourcecode.swift; path = PlayerCoordinator.swift; sourceTree = "<group>"; };
		41E0FB3D2A66560A00991D31 /* QueueView.swift */ = {isa = PBXFileReference; lastKnownFileType = sourcecode.swift; path = QueueView.swift; sourceTree = "<group>"; };
		41E0FB3F2A66563300991D31 /* QueueViewModel.swift */ = {isa = PBXFileReference; lastKnownFileType = sourcecode.swift; path = QueueViewModel.swift; sourceTree = "<group>"; };
		41E0FB412A6656D700991D31 /* PlaylistsViewModel.swift */ = {isa = PBXFileReference; lastKnownFileType = sourcecode.swift; path = PlaylistsViewModel.swift; sourceTree = "<group>"; };
		41E0FB432A6656FD00991D31 /* PlaylistsView.swift */ = {isa = PBXFileReference; lastKnownFileType = sourcecode.swift; path = PlaylistsView.swift; sourceTree = "<group>"; };
		41E0FB452A66577B00991D31 /* OptionsView.swift */ = {isa = PBXFileReference; lastKnownFileType = sourcecode.swift; path = OptionsView.swift; sourceTree = "<group>"; };
		41E0FB472A6657B700991D31 /* OptionsViewModel.swift */ = {isa = PBXFileReference; lastKnownFileType = sourcecode.swift; path = OptionsViewModel.swift; sourceTree = "<group>"; };
		41E0FB492A66A39400991D31 /* MusicDetailsCoordinatorProtocol.swift */ = {isa = PBXFileReference; lastKnownFileType = sourcecode.swift; path = MusicDetailsCoordinatorProtocol.swift; sourceTree = "<group>"; };
		41E0FB502A66A6E200991D31 /* PlaylistViewModel.swift */ = {isa = PBXFileReference; lastKnownFileType = sourcecode.swift; path = PlaylistViewModel.swift; sourceTree = "<group>"; };
		41E0FB522A66A70600991D31 /* ArtistViewModel.swift */ = {isa = PBXFileReference; lastKnownFileType = sourcecode.swift; path = ArtistViewModel.swift; sourceTree = "<group>"; };
		41E0FB542A66A71600991D31 /* PlaylistView.swift */ = {isa = PBXFileReference; lastKnownFileType = sourcecode.swift; path = PlaylistView.swift; sourceTree = "<group>"; };
		41E0FB562A66A73500991D31 /* ArtistView.swift */ = {isa = PBXFileReference; lastKnownFileType = sourcecode.swift; path = ArtistView.swift; sourceTree = "<group>"; };
		41E0FB582A66FB6000991D31 /* AccordionView.swift */ = {isa = PBXFileReference; lastKnownFileType = sourcecode.swift; path = AccordionView.swift; sourceTree = "<group>"; };
		41E0FB5A2A67229100991D31 /* UINavigationController+Extension.swift */ = {isa = PBXFileReference; lastKnownFileType = sourcecode.swift; path = "UINavigationController+Extension.swift"; sourceTree = "<group>"; };
		41E0FB5D2A679A1500991D31 /* MusicDetailsService.swift */ = {isa = PBXFileReference; lastKnownFileType = sourcecode.swift; path = MusicDetailsService.swift; sourceTree = "<group>"; };
		41E0FB612A679A6D00991D31 /* Album.swift */ = {isa = PBXFileReference; lastKnownFileType = sourcecode.swift; path = Album.swift; sourceTree = "<group>"; };
		41E0FB632A679A7000991D31 /* Artist.swift */ = {isa = PBXFileReference; lastKnownFileType = sourcecode.swift; path = Artist.swift; sourceTree = "<group>"; };
		41E0FB652A679A7300991D31 /* Track.swift */ = {isa = PBXFileReference; lastKnownFileType = sourcecode.swift; path = Track.swift; sourceTree = "<group>"; };
		41E0FB672A679A7800991D31 /* Playlists.swift */ = {isa = PBXFileReference; lastKnownFileType = sourcecode.swift; path = Playlists.swift; sourceTree = "<group>"; };
		41E0FB692A679C6500991D31 /* Playlist.swift */ = {isa = PBXFileReference; lastKnownFileType = sourcecode.swift; path = Playlist.swift; sourceTree = "<group>"; };
		41E0FB6B2A67A94700991D31 /* NoisyCrypto.swift */ = {isa = PBXFileReference; lastKnownFileType = sourcecode.swift; path = NoisyCrypto.swift; sourceTree = "<group>"; };
		41E0FB6E2A67AB3D00991D31 /* AlbumView.swift */ = {isa = PBXFileReference; lastKnownFileType = sourcecode.swift; path = AlbumView.swift; sourceTree = "<group>"; };
		41E0FB702A67AB4100991D31 /* AlbumViewModel.swift */ = {isa = PBXFileReference; lastKnownFileType = sourcecode.swift; path = AlbumViewModel.swift; sourceTree = "<group>"; };
		41E0FB732A67B3E300991D31 /* TrackRow.swift */ = {isa = PBXFileReference; lastKnownFileType = sourcecode.swift; path = TrackRow.swift; sourceTree = "<group>"; };
		41E0FB752A67B5EA00991D31 /* ArtistRow.swift */ = {isa = PBXFileReference; lastKnownFileType = sourcecode.swift; path = ArtistRow.swift; sourceTree = "<group>"; };
		41E0FB772A67B76E00991D31 /* PlaylistRow.swift */ = {isa = PBXFileReference; lastKnownFileType = sourcecode.swift; path = PlaylistRow.swift; sourceTree = "<group>"; };
		41E0FB7B2A67D0A300991D31 /* AlbumRow.swift */ = {isa = PBXFileReference; lastKnownFileType = sourcecode.swift; path = AlbumRow.swift; sourceTree = "<group>"; };
		41E0FB7D2A67DD6000991D31 /* Theme.swift */ = {isa = PBXFileReference; lastKnownFileType = sourcecode.swift; path = Theme.swift; sourceTree = "<group>"; };
		41E0FB7F2A67E09E00991D31 /* Stack.swift */ = {isa = PBXFileReference; lastKnownFileType = sourcecode.swift; path = Stack.swift; sourceTree = "<group>"; };
		41E0FB822A67ED2500991D31 /* VerticalCoordinatorProtocol.swift */ = {isa = PBXFileReference; lastKnownFileType = sourcecode.swift; path = VerticalCoordinatorProtocol.swift; sourceTree = "<group>"; };
		41E0FB852A68159D00991D31 /* SearchResult.swift */ = {isa = PBXFileReference; lastKnownFileType = sourcecode.swift; path = SearchResult.swift; sourceTree = "<group>"; };
		41E0FB872A6926C900991D31 /* MiniPlayerView.swift */ = {isa = PBXFileReference; lastKnownFileType = sourcecode.swift; path = MiniPlayerView.swift; sourceTree = "<group>"; };
		41E0FB8A2A69684700991D31 /* QueueManager.swift */ = {isa = PBXFileReference; lastKnownFileType = sourcecode.swift; path = QueueManager.swift; sourceTree = "<group>"; };
		41E0FB8D2A69688C00991D31 /* QueueState.swift */ = {isa = PBXFileReference; lastKnownFileType = sourcecode.swift; path = QueueState.swift; sourceTree = "<group>"; };
		41E0FB8F2A69689B00991D31 /* Extensions.swift */ = {isa = PBXFileReference; lastKnownFileType = sourcecode.swift; path = Extensions.swift; sourceTree = "<group>"; };
		41E0FB922A69B40400991D31 /* Recommendation.swift */ = {isa = PBXFileReference; lastKnownFileType = sourcecode.swift; path = Recommendation.swift; sourceTree = "<group>"; };
		41EA877E2A604353005DD0C2 /* Examples.swift */ = {isa = PBXFileReference; lastKnownFileType = sourcecode.swift; path = Examples.swift; sourceTree = "<group>"; };
		41EA87802A61CC60005DD0C2 /* Examples2.swift */ = {isa = PBXFileReference; lastKnownFileType = sourcecode.swift; path = Examples2.swift; sourceTree = "<group>"; };
		41F8F5262A26436300F7A2B8 /* MainCoordinator.swift */ = {isa = PBXFileReference; lastKnownFileType = sourcecode.swift; path = MainCoordinator.swift; sourceTree = "<group>"; };
		41F8F5282A26437800F7A2B8 /* RootCoordinator.swift */ = {isa = PBXFileReference; lastKnownFileType = sourcecode.swift; path = RootCoordinator.swift; sourceTree = "<group>"; };
		41F8F52A2A26438000F7A2B8 /* LoginCoordinator.swift */ = {isa = PBXFileReference; lastKnownFileType = sourcecode.swift; path = LoginCoordinator.swift; sourceTree = "<group>"; };
		41F8F52C2A26438600F7A2B8 /* HomeCoordinator.swift */ = {isa = PBXFileReference; lastKnownFileType = sourcecode.swift; path = HomeCoordinator.swift; sourceTree = "<group>"; };
		41F8F52F2A2643AE00F7A2B8 /* MainCoordinatorView.swift */ = {isa = PBXFileReference; lastKnownFileType = sourcecode.swift; path = MainCoordinatorView.swift; sourceTree = "<group>"; };
		41F8F5312A2643B500F7A2B8 /* LoginCoordinatorView.swift */ = {isa = PBXFileReference; lastKnownFileType = sourcecode.swift; path = LoginCoordinatorView.swift; sourceTree = "<group>"; };
		41F8F5332A2643BB00F7A2B8 /* RootCoordinatorView.swift */ = {isa = PBXFileReference; lastKnownFileType = sourcecode.swift; path = RootCoordinatorView.swift; sourceTree = "<group>"; };
		41F8F53A2A26470E00F7A2B8 /* State.swift */ = {isa = PBXFileReference; lastKnownFileType = sourcecode.swift; path = State.swift; sourceTree = "<group>"; };
		41F8F53D2A26471D00F7A2B8 /* NoisyService.swift */ = {isa = PBXFileReference; lastKnownFileType = sourcecode.swift; path = NoisyService.swift; sourceTree = "<group>"; };
		41F8F53F2A26472800F7A2B8 /* NoisyHTTPRouter.swift */ = {isa = PBXFileReference; lastKnownFileType = sourcecode.swift; path = NoisyHTTPRouter.swift; sourceTree = "<group>"; };
		41F8F5412A26473300F7A2B8 /* Encodable+Extension.swift */ = {isa = PBXFileReference; lastKnownFileType = sourcecode.swift; path = "Encodable+Extension.swift"; sourceTree = "<group>"; };
		41F8F5432A26473800F7A2B8 /* APIEndpoint.swift */ = {isa = PBXFileReference; lastKnownFileType = sourcecode.swift; path = APIEndpoint.swift; sourceTree = "<group>"; };
		41F8F5452A26473D00F7A2B8 /* NetworkingManager.swift */ = {isa = PBXFileReference; lastKnownFileType = sourcecode.swift; path = NetworkingManager.swift; sourceTree = "<group>"; };
		41F8F5482A2647E100F7A2B8 /* HTTPMethod.swift */ = {isa = PBXFileReference; lastKnownFileType = sourcecode.swift; path = HTTPMethod.swift; sourceTree = "<group>"; };
		41F8F54A2A2647F200F7A2B8 /* NetworkError.swift */ = {isa = PBXFileReference; lastKnownFileType = sourcecode.swift; path = NetworkError.swift; sourceTree = "<group>"; };
		41F8F54C2A26480100F7A2B8 /* APIConstants.swift */ = {isa = PBXFileReference; lastKnownFileType = sourcecode.swift; path = APIConstants.swift; sourceTree = "<group>"; };
		41F8F54E2A2649AC00F7A2B8 /* String+Localization.swift */ = {isa = PBXFileReference; lastKnownFileType = sourcecode.swift; path = "String+Localization.swift"; sourceTree = "<group>"; };
		41F8F5502A2649B000F7A2B8 /* Constants.swift */ = {isa = PBXFileReference; lastKnownFileType = sourcecode.swift; path = Constants.swift; sourceTree = "<group>"; };
		41F8F5522A2649B800F7A2B8 /* Data+Extension.swift */ = {isa = PBXFileReference; lastKnownFileType = sourcecode.swift; path = "Data+Extension.swift"; sourceTree = "<group>"; };
		41F8F5542A2649C000F7A2B8 /* AnyPublisher+Extension.swift */ = {isa = PBXFileReference; lastKnownFileType = sourcecode.swift; path = "AnyPublisher+Extension.swift"; sourceTree = "<group>"; };
		41F8F5562A2649CB00F7A2B8 /* NoisyDateFormatter.swift */ = {isa = PBXFileReference; lastKnownFileType = sourcecode.swift; path = NoisyDateFormatter.swift; sourceTree = "<group>"; };
		41F8F5582A2649D600F7A2B8 /* String+Extension.swift */ = {isa = PBXFileReference; lastKnownFileType = sourcecode.swift; path = "String+Extension.swift"; sourceTree = "<group>"; };
		41F8F55A2A2649DE00F7A2B8 /* Appearance.swift */ = {isa = PBXFileReference; lastKnownFileType = sourcecode.swift; path = Appearance.swift; sourceTree = "<group>"; };
		41F8F55C2A2649E300F7A2B8 /* ViewModifiers.swift */ = {isa = PBXFileReference; lastKnownFileType = sourcecode.swift; path = ViewModifiers.swift; sourceTree = "<group>"; };
		41F8F55E2A2649E700F7A2B8 /* Preferences.swift */ = {isa = PBXFileReference; lastKnownFileType = sourcecode.swift; path = Preferences.swift; sourceTree = "<group>"; };
		41F8F5602A2649EC00F7A2B8 /* ToolbarBuilder.swift */ = {isa = PBXFileReference; lastKnownFileType = sourcecode.swift; path = ToolbarBuilder.swift; sourceTree = "<group>"; };
		41F8F5622A2649F400F7A2B8 /* Array+Extension.swift */ = {isa = PBXFileReference; lastKnownFileType = sourcecode.swift; path = "Array+Extension.swift"; sourceTree = "<group>"; };
		41F8F5652A26501300F7A2B8 /* LoginView.swift */ = {isa = PBXFileReference; lastKnownFileType = sourcecode.swift; path = LoginView.swift; sourceTree = "<group>"; };
		41F8F5672A26501800F7A2B8 /* LoginViewModel.swift */ = {isa = PBXFileReference; lastKnownFileType = sourcecode.swift; path = LoginViewModel.swift; sourceTree = "<group>"; };
		41F8F56D2A26507D00F7A2B8 /* HomeView.swift */ = {isa = PBXFileReference; lastKnownFileType = sourcecode.swift; path = HomeView.swift; sourceTree = "<group>"; };
		41F8F56F2A26508500F7A2B8 /* HomeViewModel.swift */ = {isa = PBXFileReference; lastKnownFileType = sourcecode.swift; path = HomeViewModel.swift; sourceTree = "<group>"; };
		41F8F5722A26535C00F7A2B8 /* Nunito-ExtraBoldItalic.ttf */ = {isa = PBXFileReference; lastKnownFileType = file; path = "Nunito-ExtraBoldItalic.ttf"; sourceTree = "<group>"; };
		41F8F5732A26535C00F7A2B8 /* Nunito-Italic.ttf */ = {isa = PBXFileReference; lastKnownFileType = file; path = "Nunito-Italic.ttf"; sourceTree = "<group>"; };
		41F8F5742A26535C00F7A2B8 /* Nunito-Light.ttf */ = {isa = PBXFileReference; lastKnownFileType = file; path = "Nunito-Light.ttf"; sourceTree = "<group>"; };
		41F8F5752A26535C00F7A2B8 /* Nunito-ExtraBold.ttf */ = {isa = PBXFileReference; lastKnownFileType = file; path = "Nunito-ExtraBold.ttf"; sourceTree = "<group>"; };
		41F8F5762A26535C00F7A2B8 /* Nunito-ExtraLight.ttf */ = {isa = PBXFileReference; lastKnownFileType = file; path = "Nunito-ExtraLight.ttf"; sourceTree = "<group>"; };
		41F8F5772A26535C00F7A2B8 /* Nunito-MediumItalic.ttf */ = {isa = PBXFileReference; lastKnownFileType = file; path = "Nunito-MediumItalic.ttf"; sourceTree = "<group>"; };
		41F8F5782A26535C00F7A2B8 /* Nunito-LightItalic.ttf */ = {isa = PBXFileReference; lastKnownFileType = file; path = "Nunito-LightItalic.ttf"; sourceTree = "<group>"; };
		41F8F5792A26535C00F7A2B8 /* Nunito-SemiBold.ttf */ = {isa = PBXFileReference; lastKnownFileType = file; path = "Nunito-SemiBold.ttf"; sourceTree = "<group>"; };
		41F8F57A2A26535C00F7A2B8 /* Nunito-BlackItalic.ttf */ = {isa = PBXFileReference; lastKnownFileType = file; path = "Nunito-BlackItalic.ttf"; sourceTree = "<group>"; };
		41F8F57B2A26535C00F7A2B8 /* Nunito-Regular.ttf */ = {isa = PBXFileReference; lastKnownFileType = file; path = "Nunito-Regular.ttf"; sourceTree = "<group>"; };
		41F8F57C2A26535C00F7A2B8 /* Nunito-Medium.ttf */ = {isa = PBXFileReference; lastKnownFileType = file; path = "Nunito-Medium.ttf"; sourceTree = "<group>"; };
		41F8F57D2A26535C00F7A2B8 /* Nunito-Black.ttf */ = {isa = PBXFileReference; lastKnownFileType = file; path = "Nunito-Black.ttf"; sourceTree = "<group>"; };
		41F8F57E2A26535C00F7A2B8 /* Nunito-SemiBoldItalic.ttf */ = {isa = PBXFileReference; lastKnownFileType = file; path = "Nunito-SemiBoldItalic.ttf"; sourceTree = "<group>"; };
		41F8F57F2A26535C00F7A2B8 /* Nunito-BoldItalic.ttf */ = {isa = PBXFileReference; lastKnownFileType = file; path = "Nunito-BoldItalic.ttf"; sourceTree = "<group>"; };
		41F8F5802A26535C00F7A2B8 /* Nunito-Bold.ttf */ = {isa = PBXFileReference; lastKnownFileType = file; path = "Nunito-Bold.ttf"; sourceTree = "<group>"; };
		41F8F5812A26535C00F7A2B8 /* Nunito-ExtraLightItalic.ttf */ = {isa = PBXFileReference; lastKnownFileType = file; path = "Nunito-ExtraLightItalic.ttf"; sourceTree = "<group>"; };
		41F8F5932A2678F700F7A2B8 /* Fonts.swift */ = {isa = PBXFileReference; lastKnownFileType = sourcecode.swift; path = Fonts.swift; sourceTree = "<group>"; };
		41F8F5952A273E8800F7A2B8 /* Colors.xcassets */ = {isa = PBXFileReference; lastKnownFileType = folder.assetcatalog; path = Colors.xcassets; sourceTree = "<group>"; };
		41F8F5972A27434E00F7A2B8 /* Colors.swift */ = {isa = PBXFileReference; lastKnownFileType = sourcecode.swift; path = Colors.swift; sourceTree = "<group>"; };
		41F8F5992A27534500F7A2B8 /* View+Extension.swift */ = {isa = PBXFileReference; lastKnownFileType = sourcecode.swift; path = "View+Extension.swift"; sourceTree = "<group>"; };
		41F8F59C2A29D2B600F7A2B8 /* SplashView.swift */ = {isa = PBXFileReference; lastKnownFileType = sourcecode.swift; path = SplashView.swift; sourceTree = "<group>"; };
		41F8F59E2A29D2C200F7A2B8 /* SplashViewModel.swift */ = {isa = PBXFileReference; lastKnownFileType = sourcecode.swift; path = SplashViewModel.swift; sourceTree = "<group>"; };
/* End PBXFileReference section */

/* Begin PBXFrameworksBuildPhase section */
		419DD1AF2A5736E6005A6708 /* Frameworks */ = {
			isa = PBXFrameworksBuildPhase;
			buildActionMask = 2147483647;
			files = (
			);
			runOnlyForDeploymentPostprocessing = 0;
		};
		41DFEBF02A26356000CC3420 /* Frameworks */ = {
			isa = PBXFrameworksBuildPhase;
			buildActionMask = 2147483647;
			files = (
				419DD1B82A5736E6005A6708 /* NoisyAPI.framework in Frameworks */,
				41D696B72A8CB1960071AEB1 /* LASwift in Frameworks */,
			);
			runOnlyForDeploymentPostprocessing = 0;
		};
/* End PBXFrameworksBuildPhase section */

/* Begin PBXGroup section */
		413EEABA2A2F2D2A00DC9727 /* Root */ = {
			isa = PBXGroup;
			children = (
				41E0FB4C2A66A6BB00991D31 /* Shared */,
				41F8F56C2A26505A00F7A2B8 /* Home */,
				413EEABB2A2F2D3400DC9727 /* Discover */,
				413EEABC2A2F2D4300DC9727 /* Search */,
				41E0FB322A6650A400991D31 /* Player */,
			);
			path = Root;
			sourceTree = "<group>";
		};
		413EEABB2A2F2D3400DC9727 /* Discover */ = {
			isa = PBXGroup;
			children = (
				41D6968A2A8B590F0071AEB1 /* Visualize */,
				41D3A29A2A31E141000AC6FE /* DiscoverView.swift */,
				41B145CD2A76EEA200FAE0C0 /* SeedCard.swift */,
				41D3A29C2A31E152000AC6FE /* DiscoverViewModel.swift */,
				41B145C42A76EDA100FAE0C0 /* Views */,
			);
			path = Discover;
			sourceTree = "<group>";
		};
		413EEABC2A2F2D4300DC9727 /* Search */ = {
			isa = PBXGroup;
			children = (
				41D3A29E2A31E18A000AC6FE /* SearchView.swift */,
				41D3A2A02A31E193000AC6FE /* SearchViewModel.swift */,
			);
			path = Search;
			sourceTree = "<group>";
		};
		41B145C42A76EDA100FAE0C0 /* Views */ = {
			isa = PBXGroup;
			children = (
				41B145C52A76EDB000FAE0C0 /* SeedsSheetView.swift */,
				41B145C72A76EDBF00FAE0C0 /* SeedParametersSheetView.swift */,
				41B145CB2A76EE2D00FAE0C0 /* ThreePointSliderRow.swift */,
				41B145CF2A76EFA000FAE0C0 /* CurrentSeedSelectionView.swift */,
			);
			path = Views;
			sourceTree = "<group>";
		};
		41B6477A2A38419B00C1485C /* Auth */ = {
			isa = PBXGroup;
			children = (
				41B647762A38419000C1485C /* AuthWebView.swift */,
				41B647782A38419600C1485C /* AuthViewModel.swift */,
				41012C6B2AD52BCF004AF33F /* AuthView.swift */,
			);
			path = Auth;
			sourceTree = "<group>";
		};
		41B6477D2A38910B00C1485C /* Models */ = {
			isa = PBXGroup;
			children = (
				41E0FB912A69B3F500991D31 /* Recommendation */,
				41E0FB842A68159600991D31 /* Search */,
				41E0FB5F2A679A4E00991D31 /* MusicDetails */,
				41B647812A389FBF00C1485C /* Home */,
				41B6477E2A38911200C1485C /* Login */,
			);
			path = Models;
			sourceTree = "<group>";
		};
		41B6477E2A38911200C1485C /* Login */ = {
			isa = PBXGroup;
			children = (
				41B6477F2A38912200C1485C /* Token.swift */,
			);
			path = Login;
			sourceTree = "<group>";
		};
		41B647812A389FBF00C1485C /* Home */ = {
			isa = PBXGroup;
			children = (
				41B647822A389FC300C1485C /* Profile.swift */,
				4191421F2A97ED36004F25B5 /* RecentlyPlayedResponse.swift */,
				41DE39CE2A6431CC0048CB51 /* Image.swift */,
			);
			path = Home;
			sourceTree = "<group>";
		};
		41D6968A2A8B590F0071AEB1 /* Visualize */ = {
			isa = PBXGroup;
			children = (
				41D6968B2A8B59170071AEB1 /* VisualizeView.swift */,
				41D6968D2A8B591C0071AEB1 /* VisualizeViewModel.swift */,
			);
			path = Visualize;
			sourceTree = "<group>";
		};
		41DE39CB2A63FC8F0048CB51 /* Examples */ = {
			isa = PBXGroup;
			children = (
				41EA877E2A604353005DD0C2 /* Examples.swift */,
				41EA87802A61CC60005DD0C2 /* Examples2.swift */,
			);
			path = Examples;
			sourceTree = "<group>";
		};
		41DE39D02A6436CF0048CB51 /* Shared */ = {
			isa = PBXGroup;
			children = (
				41E0FB722A67B0DB00991D31 /* Elements */,
				41E0FB6D2A67AB3500991D31 /* Album */,
				41E0FB4B2A66A6A200991D31 /* Artist */,
				41E0FB212A656DC800991D31 /* Search */,
				41DE39D62A64389F0048CB51 /* Alert */,
				41DE39D12A6436DA0048CB51 /* Account */,
				41E0FB1D2A6452B800991D31 /* LoadingIndicator.swift */,
				41B145D12A77A67F00FAE0C0 /* SliderView.swift */,
				414F47F92A9628A9009CC2D0 /* PieGraph.swift */,
				41D696862A850B4C0071AEB1 /* PlaybackSlider.swift */,
				41BBFD642A8182C300F4A7D3 /* CircleOverlay.swift */,
				41E0FB582A66FB6000991D31 /* AccordionView.swift */,
				41B145C92A76EDF200FAE0C0 /* LargeButton.swift */,
			);
			path = Shared;
			sourceTree = "<group>";
		};
		41DE39D12A6436DA0048CB51 /* Account */ = {
			isa = PBXGroup;
			children = (
				41DE39D22A6436E20048CB51 /* ProfileView.swift */,
				41DE39D42A6436E70048CB51 /* ProfileViewModel.swift */,
			);
			path = Account;
			sourceTree = "<group>";
		};
		41DE39D62A64389F0048CB51 /* Alert */ = {
			isa = PBXGroup;
			children = (
				41DE39D72A6438A50048CB51 /* AlertView.swift */,
				41BBFD662A81918100F4A7D3 /* SpotifyErrorAlert.swift */,
			);
			path = Alert;
			sourceTree = "<group>";
		};
		41DFEBEA2A26356000CC3420 = {
			isa = PBXGroup;
			children = (
				41DFEBF52A26356000CC3420 /* Noisy */,
				41DFEBF42A26356000CC3420 /* Products */,
			);
			sourceTree = "<group>";
		};
		41DFEBF42A26356000CC3420 /* Products */ = {
			isa = PBXGroup;
			children = (
				41DFEBF32A26356000CC3420 /* Noisy.app */,
				419DD1B22A5736E6005A6708 /* NoisyAPI.framework */,
			);
			name = Products;
			sourceTree = "<group>";
		};
		41DFEBF52A26356000CC3420 /* Noisy */ = {
			isa = PBXGroup;
			children = (
				41F8F5202A2642F800F7A2B8 /* Utilities */,
				41F8F5252A26432200F7A2B8 /* Shared */,
				41F8F5242A26431C00F7A2B8 /* Coordinators */,
				41F8F5232A26431600F7A2B8 /* Screen */,
				41F8F5222A26431000F7A2B8 /* Theme */,
				41F8F5212A26430800F7A2B8 /* Services */,
				41F8F5382A2646CA00F7A2B8 /* NoisyAPI */,
				41F8F5392A2646F000F7A2B8 /* Defines */,
				41DFEBF62A26356000CC3420 /* NoisyApp.swift */,
				41DFEBFA2A26356200CC3420 /* Assets.xcassets */,
			);
			path = Noisy;
			sourceTree = "<group>";
		};
		41E0FB212A656DC800991D31 /* Search */ = {
			isa = PBXGroup;
			children = (
				41E0FB222A656DCE00991D31 /* SearchBar.swift */,
				41E0FB262A65834F00991D31 /* FilterSheetView.swift */,
				41E0FB2A2A65843A00991D31 /* SingleSelectionRow.swift */,
				41E0FB282A6583BC00991D31 /* MultipleSelectionRow.swift */,
				41E0FB242A656DF200991D31 /* FirstResponderTextView.swift */,
			);
			path = Search;
			sourceTree = "<group>";
		};
		41E0FB322A6650A400991D31 /* Player */ = {
			isa = PBXGroup;
			children = (
				41E0FB3A2A6654CA00991D31 /* Options */,
				41E0FB3B2A6654D400991D31 /* Queue */,
				41E0FB332A6650BE00991D31 /* PlayerView.swift */,
				41E0FB352A6650C200991D31 /* PlayerViewModel.swift */,
			);
			path = Player;
			sourceTree = "<group>";
		};
		41E0FB372A6652B100991D31 /* Root */ = {
			isa = PBXGroup;
			children = (
				41E0FB2E2A65B35D00991D31 /* DiscoverCoordinator.swift */,
				41E0FB382A6652C200991D31 /* PlayerCoordinator.swift */,
				41E0FB2C2A65A1E800991D31 /* SearchCoordinator.swift */,
				41F8F52C2A26438600F7A2B8 /* HomeCoordinator.swift */,
			);
			path = Root;
			sourceTree = "<group>";
		};
		41E0FB3A2A6654CA00991D31 /* Options */ = {
			isa = PBXGroup;
			children = (
				41E0FB452A66577B00991D31 /* OptionsView.swift */,
				41E0FB472A6657B700991D31 /* OptionsViewModel.swift */,
			);
			path = Options;
			sourceTree = "<group>";
		};
		41E0FB3B2A6654D400991D31 /* Queue */ = {
			isa = PBXGroup;
			children = (
				41E0FB3D2A66560A00991D31 /* QueueView.swift */,
				41E0FB3F2A66563300991D31 /* QueueViewModel.swift */,
			);
			path = Queue;
			sourceTree = "<group>";
		};
		41E0FB3C2A6654E300991D31 /* Playlists */ = {
			isa = PBXGroup;
			children = (
				41E0FB412A6656D700991D31 /* PlaylistsViewModel.swift */,
				41E0FB432A6656FD00991D31 /* PlaylistsView.swift */,
			);
			name = Playlists;
			path = ../Player/Options/Playlists;
			sourceTree = "<group>";
		};
		41E0FB4B2A66A6A200991D31 /* Artist */ = {
			isa = PBXGroup;
			children = (
			);
			path = Artist;
			sourceTree = "<group>";
		};
		41E0FB4C2A66A6BB00991D31 /* Shared */ = {
			isa = PBXGroup;
			children = (
				41E0FB3C2A6654E300991D31 /* Playlists */,
				41E0FB4E2A66A6C700991D31 /* Playlist */,
				41E0FB4D2A66A6C100991D31 /* Artist */,
				41E0FB872A6926C900991D31 /* MiniPlayerView.swift */,
			);
			path = Shared;
			sourceTree = "<group>";
		};
		41E0FB4D2A66A6C100991D31 /* Artist */ = {
			isa = PBXGroup;
			children = (
				41E0FB522A66A70600991D31 /* ArtistViewModel.swift */,
				41E0FB562A66A73500991D31 /* ArtistView.swift */,
			);
			path = Artist;
			sourceTree = "<group>";
		};
		41E0FB4E2A66A6C700991D31 /* Playlist */ = {
			isa = PBXGroup;
			children = (
				41E0FB502A66A6E200991D31 /* PlaylistViewModel.swift */,
				41E0FB542A66A71600991D31 /* PlaylistView.swift */,
			);
			path = Playlist;
			sourceTree = "<group>";
		};
		41E0FB5F2A679A4E00991D31 /* MusicDetails */ = {
			isa = PBXGroup;
			children = (
				41E0FB612A679A6D00991D31 /* Album.swift */,
				41D696B82A9267660071AEB1 /* Device.swift */,
				41E0FB632A679A7000991D31 /* Artist.swift */,
				41E0FB692A679C6500991D31 /* Playlist.swift */,
				41E0FB672A679A7800991D31 /* Playlists.swift */,
				41E0FB652A679A7300991D31 /* Track.swift */,
			);
			path = MusicDetails;
			sourceTree = "<group>";
		};
		41E0FB6D2A67AB3500991D31 /* Album */ = {
			isa = PBXGroup;
			children = (
				41E0FB6E2A67AB3D00991D31 /* AlbumView.swift */,
				41E0FB702A67AB4100991D31 /* AlbumViewModel.swift */,
			);
			path = Album;
			sourceTree = "<group>";
		};
		41E0FB722A67B0DB00991D31 /* Elements */ = {
			isa = PBXGroup;
			children = (
				41E0FB732A67B3E300991D31 /* TrackRow.swift */,
				41E0FB7B2A67D0A300991D31 /* AlbumRow.swift */,
				41E0FB752A67B5EA00991D31 /* ArtistRow.swift */,
				41E0FB772A67B76E00991D31 /* PlaylistRow.swift */,
			);
			path = Elements;
			sourceTree = "<group>";
		};
		41E0FB812A67ED1900991D31 /* Protocols */ = {
			isa = PBXGroup;
			children = (
				41DE39CC2A63FCD50048CB51 /* CoordinatorProtocol.swift */,
				41E0FB822A67ED2500991D31 /* VerticalCoordinatorProtocol.swift */,
				41D696882A8A66200071AEB1 /* SheetCoordinatorProtocol.swift */,
				41E0FB492A66A39400991D31 /* MusicDetailsCoordinatorProtocol.swift */,
			);
			path = Protocols;
			sourceTree = "<group>";
		};
		41E0FB842A68159600991D31 /* Search */ = {
			isa = PBXGroup;
			children = (
				41E0FB852A68159D00991D31 /* SearchResult.swift */,
			);
			path = Search;
			sourceTree = "<group>";
		};
		41E0FB892A69683C00991D31 /* APIServices */ = {
			isa = PBXGroup;
			children = (
				413EEABF2A2F2DDC00DC9727 /* HomeService.swift */,
				41E0FB302A66509700991D31 /* PlayerService.swift */,
				41E0FB5D2A679A1500991D31 /* MusicDetailsService.swift */,
				413EEAC12A2F2DE200DC9727 /* DiscoverService.swift */,
				413EEAC32A2F2DE900DC9727 /* SearchService.swift */,
				41B6477B2A384CB400C1485C /* LoginService.swift */,
				41E0FB6B2A67A94700991D31 /* NoisyCrypto.swift */,
			);
			path = APIServices;
			sourceTree = "<group>";
		};
		41E0FB8C2A69687C00991D31 /* PlayerService */ = {
			isa = PBXGroup;
			children = (
				41E0FB8A2A69684700991D31 /* QueueManager.swift */,
				41E0FB8D2A69688C00991D31 /* QueueState.swift */,
				41E0FB8F2A69689B00991D31 /* Extensions.swift */,
			);
			path = PlayerService;
			sourceTree = "<group>";
		};
		41E0FB912A69B3F500991D31 /* Recommendation */ = {
			isa = PBXGroup;
			children = (
				41E0FB922A69B40400991D31 /* Recommendation.swift */,
				41D6968F2A8BB0B00071AEB1 /* AudioFeatures.swift */,
				41B145C02A72509800FAE0C0 /* Genre.swift */,
				41B145C22A76E9F600FAE0C0 /* Seed.swift */,
			);
			path = Recommendation;
			sourceTree = "<group>";
		};
		41F8F5202A2642F800F7A2B8 /* Utilities */ = {
			isa = PBXGroup;
			children = (
				41F8F54E2A2649AC00F7A2B8 /* String+Localization.swift */,
				41F8F5502A2649B000F7A2B8 /* Constants.swift */,
				41F8F5522A2649B800F7A2B8 /* Data+Extension.swift */,
				41F8F5542A2649C000F7A2B8 /* AnyPublisher+Extension.swift */,
				41F8F5562A2649CB00F7A2B8 /* NoisyDateFormatter.swift */,
				41F8F5992A27534500F7A2B8 /* View+Extension.swift */,
				41D696BA2A933A510071AEB1 /* CGPoint+Extension.swift */,
				41E0FB5A2A67229100991D31 /* UINavigationController+Extension.swift */,
				41F8F5582A2649D600F7A2B8 /* String+Extension.swift */,
				41F8F55A2A2649DE00F7A2B8 /* Appearance.swift */,
				41F8F55C2A2649E300F7A2B8 /* ViewModifiers.swift */,
				41F8F5602A2649EC00F7A2B8 /* ToolbarBuilder.swift */,
				41F8F5622A2649F400F7A2B8 /* Array+Extension.swift */,
				41F8F55E2A2649E700F7A2B8 /* Preferences.swift */,
			);
			path = Utilities;
			sourceTree = "<group>";
		};
		41F8F5212A26430800F7A2B8 /* Services */ = {
			isa = PBXGroup;
			children = (
				41E0FB892A69683C00991D31 /* APIServices */,
				41E0FB8C2A69687C00991D31 /* PlayerService */,
			);
			path = Services;
			sourceTree = "<group>";
		};
		41F8F5222A26431000F7A2B8 /* Theme */ = {
			isa = PBXGroup;
			children = (
				41F8F5712A26530400F7A2B8 /* Fonts */,
				41F8F5932A2678F700F7A2B8 /* Fonts.swift */,
				413EEAB82A2F29BB00DC9727 /* Icons.swift */,
				41F8F5972A27434E00F7A2B8 /* Colors.swift */,
				41E0FB7D2A67DD6000991D31 /* Theme.swift */,
				41F8F5952A273E8800F7A2B8 /* Colors.xcassets */,
			);
			path = Theme;
			sourceTree = "<group>";
		};
		41F8F5232A26431600F7A2B8 /* Screen */ = {
			isa = PBXGroup;
			children = (
				41DE39D02A6436CF0048CB51 /* Shared */,
				41DE39CB2A63FC8F0048CB51 /* Examples */,
				41F8F59B2A29D2A800F7A2B8 /* Splash */,
				41F8F5642A26500C00F7A2B8 /* Login */,
				413EEABA2A2F2D2A00DC9727 /* Root */,
			);
			path = Screen;
			sourceTree = "<group>";
		};
		41F8F5242A26431C00F7A2B8 /* Coordinators */ = {
			isa = PBXGroup;
			children = (
				41F8F52E2A2643A200F7A2B8 /* CoordinatorViews */,
				41F8F5262A26436300F7A2B8 /* MainCoordinator.swift */,
				41F8F52A2A26438000F7A2B8 /* LoginCoordinator.swift */,
				41F8F5282A26437800F7A2B8 /* RootCoordinator.swift */,
				41E0FB372A6652B100991D31 /* Root */,
				41E0FB812A67ED1900991D31 /* Protocols */,
			);
			path = Coordinators;
			sourceTree = "<group>";
		};
		41F8F5252A26432200F7A2B8 /* Shared */ = {
			isa = PBXGroup;
			children = (
				41E0FB7F2A67E09E00991D31 /* Stack.swift */,
			);
			path = Shared;
			sourceTree = "<group>";
		};
		41F8F52E2A2643A200F7A2B8 /* CoordinatorViews */ = {
			isa = PBXGroup;
			children = (
				41F8F52F2A2643AE00F7A2B8 /* MainCoordinatorView.swift */,
				41F8F5312A2643B500F7A2B8 /* LoginCoordinatorView.swift */,
				41F8F5332A2643BB00F7A2B8 /* RootCoordinatorView.swift */,
			);
			path = CoordinatorViews;
			sourceTree = "<group>";
		};
		41F8F5382A2646CA00F7A2B8 /* NoisyAPI */ = {
			isa = PBXGroup;
			children = (
				41F8F5472A2647DA00F7A2B8 /* Models */,
				41F8F53A2A26470E00F7A2B8 /* State.swift */,
				41F8F53F2A26472800F7A2B8 /* NoisyHTTPRouter.swift */,
				41E0FB1B2A6442EB00991D31 /* Scope.swift */,
				41F8F53D2A26471D00F7A2B8 /* NoisyService.swift */,
				41F8F5412A26473300F7A2B8 /* Encodable+Extension.swift */,
				41F8F5432A26473800F7A2B8 /* APIEndpoint.swift */,
				41F8F5452A26473D00F7A2B8 /* NetworkingManager.swift */,
			);
			path = NoisyAPI;
			sourceTree = "<group>";
		};
		41F8F5392A2646F000F7A2B8 /* Defines */ = {
			isa = PBXGroup;
			children = (
				41B6477D2A38910B00C1485C /* Models */,
			);
			path = Defines;
			sourceTree = "<group>";
		};
		41F8F5472A2647DA00F7A2B8 /* Models */ = {
			isa = PBXGroup;
			children = (
				41F8F5482A2647E100F7A2B8 /* HTTPMethod.swift */,
				41F8F54C2A26480100F7A2B8 /* APIConstants.swift */,
				41F8F54A2A2647F200F7A2B8 /* NetworkError.swift */,
			);
			path = Models;
			sourceTree = "<group>";
		};
		41F8F5642A26500C00F7A2B8 /* Login */ = {
			isa = PBXGroup;
			children = (
				41B6477A2A38419B00C1485C /* Auth */,
				41F8F5652A26501300F7A2B8 /* LoginView.swift */,
				41F8F5672A26501800F7A2B8 /* LoginViewModel.swift */,
			);
			path = Login;
			sourceTree = "<group>";
		};
		41F8F56C2A26505A00F7A2B8 /* Home */ = {
			isa = PBXGroup;
			children = (
				41F8F56D2A26507D00F7A2B8 /* HomeView.swift */,
				41F8F56F2A26508500F7A2B8 /* HomeViewModel.swift */,
			);
			path = Home;
			sourceTree = "<group>";
		};
		41F8F5712A26530400F7A2B8 /* Fonts */ = {
			isa = PBXGroup;
			children = (
				41F8F57D2A26535C00F7A2B8 /* Nunito-Black.ttf */,
				41F8F57A2A26535C00F7A2B8 /* Nunito-BlackItalic.ttf */,
				41F8F5802A26535C00F7A2B8 /* Nunito-Bold.ttf */,
				41F8F57F2A26535C00F7A2B8 /* Nunito-BoldItalic.ttf */,
				41F8F5752A26535C00F7A2B8 /* Nunito-ExtraBold.ttf */,
				41F8F5722A26535C00F7A2B8 /* Nunito-ExtraBoldItalic.ttf */,
				41F8F5762A26535C00F7A2B8 /* Nunito-ExtraLight.ttf */,
				41F8F5812A26535C00F7A2B8 /* Nunito-ExtraLightItalic.ttf */,
				41F8F5732A26535C00F7A2B8 /* Nunito-Italic.ttf */,
				41F8F5742A26535C00F7A2B8 /* Nunito-Light.ttf */,
				41F8F5782A26535C00F7A2B8 /* Nunito-LightItalic.ttf */,
				41F8F57C2A26535C00F7A2B8 /* Nunito-Medium.ttf */,
				41F8F5772A26535C00F7A2B8 /* Nunito-MediumItalic.ttf */,
				41F8F57B2A26535C00F7A2B8 /* Nunito-Regular.ttf */,
				41F8F5792A26535C00F7A2B8 /* Nunito-SemiBold.ttf */,
				41F8F57E2A26535C00F7A2B8 /* Nunito-SemiBoldItalic.ttf */,
			);
			path = Fonts;
			sourceTree = "<group>";
		};
		41F8F59B2A29D2A800F7A2B8 /* Splash */ = {
			isa = PBXGroup;
			children = (
				41F8F59C2A29D2B600F7A2B8 /* SplashView.swift */,
				41F8F59E2A29D2C200F7A2B8 /* SplashViewModel.swift */,
			);
			path = Splash;
			sourceTree = "<group>";
		};
/* End PBXGroup section */

/* Begin PBXHeadersBuildPhase section */
		419DD1AD2A5736E6005A6708 /* Headers */ = {
			isa = PBXHeadersBuildPhase;
			buildActionMask = 2147483647;
			files = (
			);
			runOnlyForDeploymentPostprocessing = 0;
		};
/* End PBXHeadersBuildPhase section */

/* Begin PBXNativeTarget section */
		419DD1B12A5736E6005A6708 /* NoisyAPI */ = {
			isa = PBXNativeTarget;
			buildConfigurationList = 419DD1BA2A5736E6005A6708 /* Build configuration list for PBXNativeTarget "NoisyAPI" */;
			buildPhases = (
				419DD1AD2A5736E6005A6708 /* Headers */,
				419DD1AE2A5736E6005A6708 /* Sources */,
				419DD1AF2A5736E6005A6708 /* Frameworks */,
				419DD1B02A5736E6005A6708 /* Resources */,
			);
			buildRules = (
			);
			dependencies = (
			);
			name = NoisyAPI;
			productName = NoisyAPI;
			productReference = 419DD1B22A5736E6005A6708 /* NoisyAPI.framework */;
			productType = "com.apple.product-type.framework";
		};
		41DFEBF22A26356000CC3420 /* Noisy */ = {
			isa = PBXNativeTarget;
			buildConfigurationList = 41DFEC012A26356200CC3420 /* Build configuration list for PBXNativeTarget "Noisy" */;
			buildPhases = (
				41DFEBEF2A26356000CC3420 /* Sources */,
				41DFEBF02A26356000CC3420 /* Frameworks */,
				41DFEBF12A26356000CC3420 /* Resources */,
				41F8F51F2A26385800F7A2B8 /* ShellScript */,
				419DD1BD2A5736E6005A6708 /* Embed Frameworks */,
			);
			buildRules = (
			);
			dependencies = (
				419DD1B72A5736E6005A6708 /* PBXTargetDependency */,
			);
			name = Noisy;
			packageProductDependencies = (
				41D696B62A8CB1960071AEB1 /* LASwift */,
			);
			productName = Noisy;
			productReference = 41DFEBF32A26356000CC3420 /* Noisy.app */;
			productType = "com.apple.product-type.application";
		};
/* End PBXNativeTarget section */

/* Begin PBXProject section */
		41DFEBEB2A26356000CC3420 /* Project object */ = {
			isa = PBXProject;
			attributes = {
				BuildIndependentTargetsInParallel = 1;
				LastSwiftUpdateCheck = 1430;
				LastUpgradeCheck = 1430;
				TargetAttributes = {
					419DD1B12A5736E6005A6708 = {
						CreatedOnToolsVersion = 14.3.1;
					};
					41DFEBF22A26356000CC3420 = {
						CreatedOnToolsVersion = 14.3;
					};
				};
			};
			buildConfigurationList = 41DFEBEE2A26356000CC3420 /* Build configuration list for PBXProject "Noisy" */;
			compatibilityVersion = "Xcode 14.0";
			developmentRegion = en;
			hasScannedForEncodings = 0;
			knownRegions = (
				en,
				Base,
			);
			mainGroup = 41DFEBEA2A26356000CC3420;
			packageReferences = (
				41D696B52A8CB1960071AEB1 /* XCRemoteSwiftPackageReference "LASwift" */,
			);
			productRefGroup = 41DFEBF42A26356000CC3420 /* Products */;
			projectDirPath = "";
			projectRoot = "";
			targets = (
				41DFEBF22A26356000CC3420 /* Noisy */,
				419DD1B12A5736E6005A6708 /* NoisyAPI */,
			);
		};
/* End PBXProject section */

/* Begin PBXResourcesBuildPhase section */
		419DD1B02A5736E6005A6708 /* Resources */ = {
			isa = PBXResourcesBuildPhase;
			buildActionMask = 2147483647;
			files = (
			);
			runOnlyForDeploymentPostprocessing = 0;
		};
		41DFEBF12A26356000CC3420 /* Resources */ = {
			isa = PBXResourcesBuildPhase;
			buildActionMask = 2147483647;
			files = (
				41F8F5912A26535D00F7A2B8 /* Nunito-ExtraLightItalic.ttf in Resources */,
				41F8F58B2A26535C00F7A2B8 /* Nunito-Regular.ttf in Resources */,
				41DFEBFB2A26356200CC3420 /* Assets.xcassets in Resources */,
				41F8F5832A26535C00F7A2B8 /* Nunito-Italic.ttf in Resources */,
				41F8F5882A26535C00F7A2B8 /* Nunito-LightItalic.ttf in Resources */,
				41F8F5892A26535C00F7A2B8 /* Nunito-SemiBold.ttf in Resources */,
				41F8F5872A26535C00F7A2B8 /* Nunito-MediumItalic.ttf in Resources */,
				41F8F5902A26535D00F7A2B8 /* Nunito-Bold.ttf in Resources */,
				41F8F58F2A26535D00F7A2B8 /* Nunito-BoldItalic.ttf in Resources */,
				41F8F5962A273E8800F7A2B8 /* Colors.xcassets in Resources */,
				41F8F5852A26535C00F7A2B8 /* Nunito-ExtraBold.ttf in Resources */,
				41F8F5862A26535C00F7A2B8 /* Nunito-ExtraLight.ttf in Resources */,
				41F8F58E2A26535D00F7A2B8 /* Nunito-SemiBoldItalic.ttf in Resources */,
				41F8F58C2A26535C00F7A2B8 /* Nunito-Medium.ttf in Resources */,
				41F8F58D2A26535C00F7A2B8 /* Nunito-Black.ttf in Resources */,
				41F8F5842A26535C00F7A2B8 /* Nunito-Light.ttf in Resources */,
				41F8F5822A26535C00F7A2B8 /* Nunito-ExtraBoldItalic.ttf in Resources */,
				41F8F58A2A26535C00F7A2B8 /* Nunito-BlackItalic.ttf in Resources */,
			);
			runOnlyForDeploymentPostprocessing = 0;
		};
/* End PBXResourcesBuildPhase section */

/* Begin PBXShellScriptBuildPhase section */
		41F8F51F2A26385800F7A2B8 /* ShellScript */ = {
			isa = PBXShellScriptBuildPhase;
			alwaysOutOfDate = 1;
			buildActionMask = 2147483647;
			files = (
			);
			inputFileListPaths = (
			);
			inputPaths = (
			);
			outputFileListPaths = (
			);
			outputPaths = (
			);
			runOnlyForDeploymentPostprocessing = 0;
			shellPath = /bin/sh;
			shellScript = "export PATH=\"/opt/homebrew/bin:$PATH\"\nif which swiftlint > /dev/null; then\n  swiftlint\nelse\n  echo \"warning: SwiftLint not installed, download from https://github.com/realm/SwiftLint\"\nfi\n";
			showEnvVarsInLog = 0;
		};
/* End PBXShellScriptBuildPhase section */

/* Begin PBXSourcesBuildPhase section */
		419DD1AE2A5736E6005A6708 /* Sources */ = {
			isa = PBXSourcesBuildPhase;
			buildActionMask = 2147483647;
			files = (
			);
			runOnlyForDeploymentPostprocessing = 0;
		};
		41DFEBEF2A26356000CC3420 /* Sources */ = {
			isa = PBXSourcesBuildPhase;
			buildActionMask = 2147483647;
			files = (
				419DD1CF2A573862005A6708 /* NetworkingManager.swift in Sources */,
				41F8F59F2A29D2C200F7A2B8 /* SplashViewModel.swift in Sources */,
				41E0FB762A67B5EA00991D31 /* ArtistRow.swift in Sources */,
				41E0FB742A67B3E300991D31 /* TrackRow.swift in Sources */,
				419DD1C82A573862005A6708 /* Encodable+Extension.swift in Sources */,
				41B145C12A72509800FAE0C0 /* Genre.swift in Sources */,
				41F8F5702A26508500F7A2B8 /* HomeViewModel.swift in Sources */,
				41F8F5632A2649F400F7A2B8 /* Array+Extension.swift in Sources */,
				41DE39D82A6438A50048CB51 /* AlertView.swift in Sources */,
				41B145CE2A76EEA200FAE0C0 /* SeedCard.swift in Sources */,
				41BBFD652A8182C300F4A7D3 /* CircleOverlay.swift in Sources */,
				41D696872A850B4C0071AEB1 /* PlaybackSlider.swift in Sources */,
				41F8F5612A2649EC00F7A2B8 /* ToolbarBuilder.swift in Sources */,
				41DE39D52A6436E70048CB51 /* ProfileViewModel.swift in Sources */,
				41DE39D32A6436E20048CB51 /* ProfileView.swift in Sources */,
				41EA87812A61CC61005DD0C2 /* Examples2.swift in Sources */,
				41E0FB882A6926C900991D31 /* MiniPlayerView.swift in Sources */,
				41E0FB422A6656D700991D31 /* PlaylistsViewModel.swift in Sources */,
				41D6968E2A8B591C0071AEB1 /* VisualizeViewModel.swift in Sources */,
				41E0FB5B2A67229100991D31 /* UINavigationController+Extension.swift in Sources */,
				41DFEBF72A26356000CC3420 /* NoisyApp.swift in Sources */,
				41D3A29D2A31E152000AC6FE /* DiscoverViewModel.swift in Sources */,
				41E0FB572A66A73500991D31 /* ArtistView.swift in Sources */,
				41D3A29F2A31E18A000AC6FE /* SearchView.swift in Sources */,
				41E0FB682A679A7800991D31 /* Playlists.swift in Sources */,
				41E0FB482A6657B700991D31 /* OptionsViewModel.swift in Sources */,
				41B647802A38912200C1485C /* Token.swift in Sources */,
				41E0FB2B2A65843A00991D31 /* SingleSelectionRow.swift in Sources */,
				41F8F55B2A2649DE00F7A2B8 /* Appearance.swift in Sources */,
				41DE39CF2A6431CC0048CB51 /* Image.swift in Sources */,
				41F8F5342A2643BB00F7A2B8 /* RootCoordinatorView.swift in Sources */,
				41E0FB932A69B40400991D31 /* Recommendation.swift in Sources */,
				41E0FB6C2A67A94700991D31 /* NoisyCrypto.swift in Sources */,
				41F8F5572A2649CB00F7A2B8 /* NoisyDateFormatter.swift in Sources */,
				41E0FB552A66A71600991D31 /* PlaylistView.swift in Sources */,
				41B145C82A76EDBF00FAE0C0 /* SeedParametersSheetView.swift in Sources */,
				41D3A2A12A31E193000AC6FE /* SearchViewModel.swift in Sources */,
				41E0FB232A656DCE00991D31 /* SearchBar.swift in Sources */,
				41E0FB862A68159D00991D31 /* SearchResult.swift in Sources */,
				41EA877F2A604353005DD0C2 /* Examples.swift in Sources */,
				413EEAC02A2F2DDC00DC9727 /* HomeService.swift in Sources */,
				41E0FB8B2A69684700991D31 /* QueueManager.swift in Sources */,
				41E0FB6A2A679C6500991D31 /* Playlist.swift in Sources */,
				41F8F5532A2649B800F7A2B8 /* Data+Extension.swift in Sources */,
				41B647792A38419600C1485C /* AuthViewModel.swift in Sources */,
				41E0FB2F2A65B35D00991D31 /* DiscoverCoordinator.swift in Sources */,
				41F8F56E2A26507D00F7A2B8 /* HomeView.swift in Sources */,
				41F8F5292A26437800F7A2B8 /* RootCoordinator.swift in Sources */,
				41E0FB642A679A7000991D31 /* Artist.swift in Sources */,
				41F8F5302A2643AE00F7A2B8 /* MainCoordinatorView.swift in Sources */,
				41F8F52D2A26438600F7A2B8 /* HomeCoordinator.swift in Sources */,
				41E0FB462A66577B00991D31 /* OptionsView.swift in Sources */,
				41B145C62A76EDB000FAE0C0 /* SeedsSheetView.swift in Sources */,
				41E0FB2D2A65A1E800991D31 /* SearchCoordinator.swift in Sources */,
				41B145CA2A76EDF200FAE0C0 /* LargeButton.swift in Sources */,
				41F8F5682A26501800F7A2B8 /* LoginViewModel.swift in Sources */,
				41E0FB532A66A70600991D31 /* ArtistViewModel.swift in Sources */,
				41D696902A8BB0B00071AEB1 /* AudioFeatures.swift in Sources */,
				41B145D22A77A67F00FAE0C0 /* SliderView.swift in Sources */,
				419DD1CC2A573862005A6708 /* State.swift in Sources */,
				41E0FB512A66A6E200991D31 /* PlaylistViewModel.swift in Sources */,
				41D696B92A9267660071AEB1 /* Device.swift in Sources */,
				41D696BB2A933A510071AEB1 /* CGPoint+Extension.swift in Sources */,
				41E0FB712A67AB4100991D31 /* AlbumViewModel.swift in Sources */,
				41E0FB832A67ED2500991D31 /* VerticalCoordinatorProtocol.swift in Sources */,
				41D6968C2A8B59170071AEB1 /* VisualizeView.swift in Sources */,
				413EEAC22A2F2DE200DC9727 /* DiscoverService.swift in Sources */,
				41F8F5552A2649C000F7A2B8 /* AnyPublisher+Extension.swift in Sources */,
				41E0FB312A66509700991D31 /* PlayerService.swift in Sources */,
				41E0FB902A69689B00991D31 /* Extensions.swift in Sources */,
				41B647772A38419000C1485C /* AuthWebView.swift in Sources */,
				41F8F59D2A29D2B600F7A2B8 /* SplashView.swift in Sources */,
				41F8F5662A26501300F7A2B8 /* LoginView.swift in Sources */,
				41F8F52B2A26438000F7A2B8 /* LoginCoordinator.swift in Sources */,
				41F8F55F2A2649E700F7A2B8 /* Preferences.swift in Sources */,
				419DD1CE2A573862005A6708 /* APIEndpoint.swift in Sources */,
				41E0FB342A6650BE00991D31 /* PlayerView.swift in Sources */,
				419DD1CB2A573862005A6708 /* HTTPMethod.swift in Sources */,
				41B145CC2A76EE2D00FAE0C0 /* ThreePointSliderRow.swift in Sources */,
				41E0FB442A6656FD00991D31 /* PlaylistsView.swift in Sources */,
				41B6477C2A384CB400C1485C /* LoginService.swift in Sources */,
				413EEAB92A2F29BB00DC9727 /* Icons.swift in Sources */,
				41F8F5942A2678F700F7A2B8 /* Fonts.swift in Sources */,
				419DD1CD2A573862005A6708 /* NoisyService.swift in Sources */,
				41E0FB392A6652C200991D31 /* PlayerCoordinator.swift in Sources */,
				419142202A97ED36004F25B5 /* RecentlyPlayedResponse.swift in Sources */,
				41E0FB1C2A6442EB00991D31 /* Scope.swift in Sources */,
				41E0FB622A679A6D00991D31 /* Album.swift in Sources */,
				41E0FB292A6583BC00991D31 /* MultipleSelectionRow.swift in Sources */,
				41D696892A8A66200071AEB1 /* SheetCoordinatorProtocol.swift in Sources */,
				41E0FB1E2A6452B800991D31 /* LoadingIndicator.swift in Sources */,
				41E0FB7E2A67DD6000991D31 /* Theme.swift in Sources */,
				41F8F5592A2649D600F7A2B8 /* String+Extension.swift in Sources */,
				41F8F5512A2649B000F7A2B8 /* Constants.swift in Sources */,
				41DE39CD2A63FCD50048CB51 /* CoordinatorProtocol.swift in Sources */,
				41E0FB252A656DF200991D31 /* FirstResponderTextView.swift in Sources */,
				41E0FB6F2A67AB3D00991D31 /* AlbumView.swift in Sources */,
				41E0FB662A679A7300991D31 /* Track.swift in Sources */,
				41012C6C2AD52BCF004AF33F /* AuthView.swift in Sources */,
				41B145D02A76EFA000FAE0C0 /* CurrentSeedSelectionView.swift in Sources */,
				419DD1CA2A573862005A6708 /* NoisyHTTPRouter.swift in Sources */,
				41E0FB8E2A69688C00991D31 /* QueueState.swift in Sources */,
				41F8F5322A2643B500F7A2B8 /* LoginCoordinatorView.swift in Sources */,
				414F47FA2A9628A9009CC2D0 /* PieGraph.swift in Sources */,
				41B145C32A76E9F600FAE0C0 /* Seed.swift in Sources */,
				41E0FB3E2A66560A00991D31 /* QueueView.swift in Sources */,
				41E0FB4A2A66A39400991D31 /* MusicDetailsCoordinatorProtocol.swift in Sources */,
				41E0FB5E2A679A1500991D31 /* MusicDetailsService.swift in Sources */,
				41F8F5272A26436300F7A2B8 /* MainCoordinator.swift in Sources */,
				41BBFD672A81918100F4A7D3 /* SpotifyErrorAlert.swift in Sources */,
				41E0FB802A67E09E00991D31 /* Stack.swift in Sources */,
				41F8F5982A27434E00F7A2B8 /* Colors.swift in Sources */,
				41D3A29B2A31E141000AC6FE /* DiscoverView.swift in Sources */,
				41F8F55D2A2649E300F7A2B8 /* ViewModifiers.swift in Sources */,
				41E0FB362A6650C200991D31 /* PlayerViewModel.swift in Sources */,
				41E0FB402A66563300991D31 /* QueueViewModel.swift in Sources */,
				41E0FB782A67B76E00991D31 /* PlaylistRow.swift in Sources */,
				413EEAC42A2F2DE900DC9727 /* SearchService.swift in Sources */,
				419DD1C72A573862005A6708 /* APIConstants.swift in Sources */,
				41E0FB592A66FB6000991D31 /* AccordionView.swift in Sources */,
				419DD1C92A573862005A6708 /* NetworkError.swift in Sources */,
				41B647832A389FC300C1485C /* Profile.swift in Sources */,
				41E0FB7C2A67D0A300991D31 /* AlbumRow.swift in Sources */,
				41F8F59A2A27534500F7A2B8 /* View+Extension.swift in Sources */,
				41E0FB272A65834F00991D31 /* FilterSheetView.swift in Sources */,
				41F8F54F2A2649AC00F7A2B8 /* String+Localization.swift in Sources */,
			);
			runOnlyForDeploymentPostprocessing = 0;
		};
/* End PBXSourcesBuildPhase section */

/* Begin PBXTargetDependency section */
		419DD1B72A5736E6005A6708 /* PBXTargetDependency */ = {
			isa = PBXTargetDependency;
			target = 419DD1B12A5736E6005A6708 /* NoisyAPI */;
			targetProxy = 419DD1B62A5736E6005A6708 /* PBXContainerItemProxy */;
		};
/* End PBXTargetDependency section */

/* Begin XCBuildConfiguration section */
		419DD1BB2A5736E6005A6708 /* Debug */ = {
			isa = XCBuildConfiguration;
			buildSettings = {
				CODE_SIGN_STYLE = Automatic;
				CURRENT_PROJECT_VERSION = 1;
				DEFINES_MODULE = YES;
				DEVELOPMENT_TEAM = VR2BQT75XX;
				DYLIB_COMPATIBILITY_VERSION = 1;
				DYLIB_CURRENT_VERSION = 1;
				DYLIB_INSTALL_NAME_BASE = "@rpath";
				ENABLE_MODULE_VERIFIER = YES;
				GENERATE_INFOPLIST_FILE = YES;
				INFOPLIST_KEY_NSHumanReadableCopyright = "";
				INSTALL_PATH = "$(LOCAL_LIBRARY_DIR)/Frameworks";
				IPHONEOS_DEPLOYMENT_TARGET = 16.4;
				LD_RUNPATH_SEARCH_PATHS = (
					"$(inherited)",
					"@executable_path/Frameworks",
					"@loader_path/Frameworks",
				);
				MARKETING_VERSION = 1.0;
				MODULE_VERIFIER_SUPPORTED_LANGUAGES = "objective-c objective-c++";
				MODULE_VERIFIER_SUPPORTED_LANGUAGE_STANDARDS = "gnu11 gnu++20";
				PRODUCT_BUNDLE_IDENTIFIER = com.test.NoisyAPI;
				PRODUCT_NAME = "$(TARGET_NAME:c99extidentifier)";
				SKIP_INSTALL = YES;
				SWIFT_EMIT_LOC_STRINGS = YES;
				SWIFT_VERSION = 5.0;
				TARGETED_DEVICE_FAMILY = "1,2";
				VERSIONING_SYSTEM = "apple-generic";
				VERSION_INFO_PREFIX = "";
			};
			name = Debug;
		};
		419DD1BC2A5736E6005A6708 /* Release */ = {
			isa = XCBuildConfiguration;
			buildSettings = {
				CODE_SIGN_STYLE = Automatic;
				CURRENT_PROJECT_VERSION = 1;
				DEFINES_MODULE = YES;
				DEVELOPMENT_TEAM = VR2BQT75XX;
				DYLIB_COMPATIBILITY_VERSION = 1;
				DYLIB_CURRENT_VERSION = 1;
				DYLIB_INSTALL_NAME_BASE = "@rpath";
				ENABLE_MODULE_VERIFIER = YES;
				GENERATE_INFOPLIST_FILE = YES;
				INFOPLIST_KEY_NSHumanReadableCopyright = "";
				INSTALL_PATH = "$(LOCAL_LIBRARY_DIR)/Frameworks";
				IPHONEOS_DEPLOYMENT_TARGET = 16.4;
				LD_RUNPATH_SEARCH_PATHS = (
					"$(inherited)",
					"@executable_path/Frameworks",
					"@loader_path/Frameworks",
				);
				MARKETING_VERSION = 1.0;
				MODULE_VERIFIER_SUPPORTED_LANGUAGES = "objective-c objective-c++";
				MODULE_VERIFIER_SUPPORTED_LANGUAGE_STANDARDS = "gnu11 gnu++20";
				PRODUCT_BUNDLE_IDENTIFIER = com.test.NoisyAPI;
				PRODUCT_NAME = "$(TARGET_NAME:c99extidentifier)";
				SKIP_INSTALL = YES;
				SWIFT_EMIT_LOC_STRINGS = YES;
				SWIFT_VERSION = 5.0;
				TARGETED_DEVICE_FAMILY = "1,2";
				VERSIONING_SYSTEM = "apple-generic";
				VERSION_INFO_PREFIX = "";
			};
			name = Release;
		};
		41DFEBFF2A26356200CC3420 /* Debug */ = {
			isa = XCBuildConfiguration;
			buildSettings = {
				ALWAYS_SEARCH_USER_PATHS = NO;
				CLANG_ANALYZER_NONNULL = YES;
				CLANG_ANALYZER_NUMBER_OBJECT_CONVERSION = YES_AGGRESSIVE;
				CLANG_CXX_LANGUAGE_STANDARD = "gnu++20";
				CLANG_ENABLE_MODULES = YES;
				CLANG_ENABLE_OBJC_ARC = YES;
				CLANG_ENABLE_OBJC_WEAK = YES;
				CLANG_WARN_BLOCK_CAPTURE_AUTORELEASING = YES;
				CLANG_WARN_BOOL_CONVERSION = YES;
				CLANG_WARN_COMMA = YES;
				CLANG_WARN_CONSTANT_CONVERSION = YES;
				CLANG_WARN_DEPRECATED_OBJC_IMPLEMENTATIONS = YES;
				CLANG_WARN_DIRECT_OBJC_ISA_USAGE = YES_ERROR;
				CLANG_WARN_DOCUMENTATION_COMMENTS = YES;
				CLANG_WARN_EMPTY_BODY = YES;
				CLANG_WARN_ENUM_CONVERSION = YES;
				CLANG_WARN_INFINITE_RECURSION = YES;
				CLANG_WARN_INT_CONVERSION = YES;
				CLANG_WARN_NON_LITERAL_NULL_CONVERSION = YES;
				CLANG_WARN_OBJC_IMPLICIT_RETAIN_SELF = YES;
				CLANG_WARN_OBJC_LITERAL_CONVERSION = YES;
				CLANG_WARN_OBJC_ROOT_CLASS = YES_ERROR;
				CLANG_WARN_QUOTED_INCLUDE_IN_FRAMEWORK_HEADER = YES;
				CLANG_WARN_RANGE_LOOP_ANALYSIS = YES;
				CLANG_WARN_STRICT_PROTOTYPES = YES;
				CLANG_WARN_SUSPICIOUS_MOVE = YES;
				CLANG_WARN_UNGUARDED_AVAILABILITY = YES_AGGRESSIVE;
				CLANG_WARN_UNREACHABLE_CODE = YES;
				CLANG_WARN__DUPLICATE_METHOD_MATCH = YES;
				COPY_PHASE_STRIP = NO;
				DEBUG_INFORMATION_FORMAT = dwarf;
				ENABLE_STRICT_OBJC_MSGSEND = YES;
				ENABLE_TESTABILITY = YES;
				GCC_C_LANGUAGE_STANDARD = gnu11;
				GCC_DYNAMIC_NO_PIC = NO;
				GCC_NO_COMMON_BLOCKS = YES;
				GCC_OPTIMIZATION_LEVEL = 0;
				GCC_PREPROCESSOR_DEFINITIONS = (
					"DEBUG=1",
					"$(inherited)",
				);
				GCC_WARN_64_TO_32_BIT_CONVERSION = YES;
				GCC_WARN_ABOUT_RETURN_TYPE = YES_ERROR;
				GCC_WARN_UNDECLARED_SELECTOR = YES;
				GCC_WARN_UNINITIALIZED_AUTOS = YES_AGGRESSIVE;
				GCC_WARN_UNUSED_FUNCTION = YES;
				GCC_WARN_UNUSED_VARIABLE = YES;
				IPHONEOS_DEPLOYMENT_TARGET = 16.2;
				MTL_ENABLE_DEBUG_INFO = INCLUDE_SOURCE;
				MTL_FAST_MATH = YES;
				ONLY_ACTIVE_ARCH = YES;
				SDKROOT = iphoneos;
				SWIFT_ACTIVE_COMPILATION_CONDITIONS = DEBUG;
				SWIFT_OPTIMIZATION_LEVEL = "-Onone";
			};
			name = Debug;
		};
		41DFEC002A26356200CC3420 /* Release */ = {
			isa = XCBuildConfiguration;
			buildSettings = {
				ALWAYS_SEARCH_USER_PATHS = NO;
				CLANG_ANALYZER_NONNULL = YES;
				CLANG_ANALYZER_NUMBER_OBJECT_CONVERSION = YES_AGGRESSIVE;
				CLANG_CXX_LANGUAGE_STANDARD = "gnu++20";
				CLANG_ENABLE_MODULES = YES;
				CLANG_ENABLE_OBJC_ARC = YES;
				CLANG_ENABLE_OBJC_WEAK = YES;
				CLANG_WARN_BLOCK_CAPTURE_AUTORELEASING = YES;
				CLANG_WARN_BOOL_CONVERSION = YES;
				CLANG_WARN_COMMA = YES;
				CLANG_WARN_CONSTANT_CONVERSION = YES;
				CLANG_WARN_DEPRECATED_OBJC_IMPLEMENTATIONS = YES;
				CLANG_WARN_DIRECT_OBJC_ISA_USAGE = YES_ERROR;
				CLANG_WARN_DOCUMENTATION_COMMENTS = YES;
				CLANG_WARN_EMPTY_BODY = YES;
				CLANG_WARN_ENUM_CONVERSION = YES;
				CLANG_WARN_INFINITE_RECURSION = YES;
				CLANG_WARN_INT_CONVERSION = YES;
				CLANG_WARN_NON_LITERAL_NULL_CONVERSION = YES;
				CLANG_WARN_OBJC_IMPLICIT_RETAIN_SELF = YES;
				CLANG_WARN_OBJC_LITERAL_CONVERSION = YES;
				CLANG_WARN_OBJC_ROOT_CLASS = YES_ERROR;
				CLANG_WARN_QUOTED_INCLUDE_IN_FRAMEWORK_HEADER = YES;
				CLANG_WARN_RANGE_LOOP_ANALYSIS = YES;
				CLANG_WARN_STRICT_PROTOTYPES = YES;
				CLANG_WARN_SUSPICIOUS_MOVE = YES;
				CLANG_WARN_UNGUARDED_AVAILABILITY = YES_AGGRESSIVE;
				CLANG_WARN_UNREACHABLE_CODE = YES;
				CLANG_WARN__DUPLICATE_METHOD_MATCH = YES;
				COPY_PHASE_STRIP = NO;
				DEBUG_INFORMATION_FORMAT = "dwarf-with-dsym";
				ENABLE_NS_ASSERTIONS = NO;
				ENABLE_STRICT_OBJC_MSGSEND = YES;
				GCC_C_LANGUAGE_STANDARD = gnu11;
				GCC_NO_COMMON_BLOCKS = YES;
				GCC_WARN_64_TO_32_BIT_CONVERSION = YES;
				GCC_WARN_ABOUT_RETURN_TYPE = YES_ERROR;
				GCC_WARN_UNDECLARED_SELECTOR = YES;
				GCC_WARN_UNINITIALIZED_AUTOS = YES_AGGRESSIVE;
				GCC_WARN_UNUSED_FUNCTION = YES;
				GCC_WARN_UNUSED_VARIABLE = YES;
				IPHONEOS_DEPLOYMENT_TARGET = 16.2;
				MTL_ENABLE_DEBUG_INFO = NO;
				MTL_FAST_MATH = YES;
				SDKROOT = iphoneos;
				SWIFT_COMPILATION_MODE = wholemodule;
				SWIFT_OPTIMIZATION_LEVEL = "-O";
				VALIDATE_PRODUCT = YES;
			};
			name = Release;
		};
		41DFEC022A26356200CC3420 /* Debug */ = {
			isa = XCBuildConfiguration;
			buildSettings = {
				ASSETCATALOG_COMPILER_APPICON_NAME = AppIcon;
				ASSETCATALOG_COMPILER_GLOBAL_ACCENT_COLOR_NAME = AccentColor;
				CODE_SIGN_STYLE = Automatic;
				CURRENT_PROJECT_VERSION = 1;
				DEVELOPMENT_TEAM = VR2BQT75XX;
				ENABLE_PREVIEWS = YES;
				GENERATE_INFOPLIST_FILE = YES;
				INFOPLIST_FILE = Noisy/Info.plist;
				INFOPLIST_KEY_UIApplicationSceneManifest_Generation = YES;
				INFOPLIST_KEY_UILaunchScreen_Generation = YES;
				INFOPLIST_KEY_UIStatusBarStyle = "";
				INFOPLIST_KEY_UISupportedInterfaceOrientations_iPad = "UIInterfaceOrientationPortrait UIInterfaceOrientationPortraitUpsideDown UIInterfaceOrientationLandscapeLeft UIInterfaceOrientationLandscapeRight";
				INFOPLIST_KEY_UISupportedInterfaceOrientations_iPhone = "UIInterfaceOrientationPortrait UIInterfaceOrientationLandscapeLeft UIInterfaceOrientationLandscapeRight";
				LD_RUNPATH_SEARCH_PATHS = (
					"$(inherited)",
					"@executable_path/Frameworks",
				);
				MARKETING_VERSION = 1.0;
				PRODUCT_BUNDLE_IDENTIFIER = hr.tvz.lakus.Noisy;
				PRODUCT_NAME = "$(TARGET_NAME)";
				SUPPORTED_PLATFORMS = "iphoneos iphonesimulator";
				SUPPORTS_MACCATALYST = NO;
				SUPPORTS_MAC_DESIGNED_FOR_IPHONE_IPAD = NO;
				SWIFT_EMIT_LOC_STRINGS = YES;
				SWIFT_VERSION = 5.0;
				TARGETED_DEVICE_FAMILY = "1,2";
			};
			name = Debug;
		};
		41DFEC032A26356200CC3420 /* Release */ = {
			isa = XCBuildConfiguration;
			buildSettings = {
				ASSETCATALOG_COMPILER_APPICON_NAME = AppIcon;
				ASSETCATALOG_COMPILER_GLOBAL_ACCENT_COLOR_NAME = AccentColor;
				CODE_SIGN_STYLE = Automatic;
				CURRENT_PROJECT_VERSION = 1;
				DEVELOPMENT_TEAM = VR2BQT75XX;
				ENABLE_PREVIEWS = YES;
				GENERATE_INFOPLIST_FILE = YES;
				INFOPLIST_FILE = Noisy/Info.plist;
				INFOPLIST_KEY_UIApplicationSceneManifest_Generation = YES;
				INFOPLIST_KEY_UILaunchScreen_Generation = YES;
				INFOPLIST_KEY_UIStatusBarStyle = "";
				INFOPLIST_KEY_UISupportedInterfaceOrientations_iPad = "UIInterfaceOrientationPortrait UIInterfaceOrientationPortraitUpsideDown UIInterfaceOrientationLandscapeLeft UIInterfaceOrientationLandscapeRight";
				INFOPLIST_KEY_UISupportedInterfaceOrientations_iPhone = "UIInterfaceOrientationPortrait UIInterfaceOrientationLandscapeLeft UIInterfaceOrientationLandscapeRight";
				LD_RUNPATH_SEARCH_PATHS = (
					"$(inherited)",
					"@executable_path/Frameworks",
				);
				MARKETING_VERSION = 1.0;
				PRODUCT_BUNDLE_IDENTIFIER = hr.tvz.lakus.Noisy;
				PRODUCT_NAME = "$(TARGET_NAME)";
				SUPPORTED_PLATFORMS = "iphoneos iphonesimulator";
				SUPPORTS_MACCATALYST = NO;
				SUPPORTS_MAC_DESIGNED_FOR_IPHONE_IPAD = NO;
				SWIFT_EMIT_LOC_STRINGS = YES;
				SWIFT_VERSION = 5.0;
				TARGETED_DEVICE_FAMILY = "1,2";
			};
			name = Release;
		};
/* End XCBuildConfiguration section */

/* Begin XCConfigurationList section */
		419DD1BA2A5736E6005A6708 /* Build configuration list for PBXNativeTarget "NoisyAPI" */ = {
			isa = XCConfigurationList;
			buildConfigurations = (
				419DD1BB2A5736E6005A6708 /* Debug */,
				419DD1BC2A5736E6005A6708 /* Release */,
			);
			defaultConfigurationIsVisible = 0;
			defaultConfigurationName = Release;
		};
		41DFEBEE2A26356000CC3420 /* Build configuration list for PBXProject "Noisy" */ = {
			isa = XCConfigurationList;
			buildConfigurations = (
				41DFEBFF2A26356200CC3420 /* Debug */,
				41DFEC002A26356200CC3420 /* Release */,
			);
			defaultConfigurationIsVisible = 0;
			defaultConfigurationName = Release;
		};
		41DFEC012A26356200CC3420 /* Build configuration list for PBXNativeTarget "Noisy" */ = {
			isa = XCConfigurationList;
			buildConfigurations = (
				41DFEC022A26356200CC3420 /* Debug */,
				41DFEC032A26356200CC3420 /* Release */,
			);
			defaultConfigurationIsVisible = 0;
			defaultConfigurationName = Release;
		};
/* End XCConfigurationList section */

/* Begin XCRemoteSwiftPackageReference section */
		41D696B52A8CB1960071AEB1 /* XCRemoteSwiftPackageReference "LASwift" */ = {
			isa = XCRemoteSwiftPackageReference;
			repositoryURL = "https://github.com/AlexanderTar/LASwift";
			requirement = {
				kind = upToNextMajorVersion;
				minimumVersion = 0.3.2;
			};
		};
/* End XCRemoteSwiftPackageReference section */

/* Begin XCSwiftPackageProductDependency section */
		41D696B62A8CB1960071AEB1 /* LASwift */ = {
			isa = XCSwiftPackageProductDependency;
			package = 41D696B52A8CB1960071AEB1 /* XCRemoteSwiftPackageReference "LASwift" */;
			productName = LASwift;
		};
/* End XCSwiftPackageProductDependency section */
	};
	rootObject = 41DFEBEB2A26356000CC3420 /* Project object */;
}
